
Microsoft Visual Studio Solution File, Format Version 12.00
# Visual Studio 14
VisualStudioVersion = 14.0.25420.1
MinimumVisualStudioVersion = 10.0.40219.1
Project("{2150E333-8FDC-42A3-9474-1A3956D46DE8}") = "instead", "instead", "{2DCC2354-0F1C-43EC-A9EF-99F2CD1D712A}"
EndProject
Project("{8BC9CEB8-8B4A-11D0-8D11-00A0C91BC942}") = "instead.Shared", "instead\instead.Shared\instead.Shared.vcxitems", "{381FE8CD-787F-4BC6-B313-8453BE79A518}"
EndProject
Project("{8BC9CEB8-8B4A-11D0-8D11-00A0C91BC942}") = "instead.Windows", "instead\instead.Windows\instead.Windows.vcxproj", "{1D9225F7-CE03-40A0-9D44-877A1EB01AB9}"
EndProject
Project("{8BC9CEB8-8B4A-11D0-8D11-00A0C91BC942}") = "instead.WindowsPhone", "instead\instead.WindowsPhone\instead.WindowsPhone.vcxproj", "{36657CBE-4FD2-4728-8D57-CF55DE261C72}"
EndProject
Project("{8BC9CEB8-8B4A-11D0-8D11-00A0C91BC942}") = "jpeg-WinRT81", "..\..\..\..\SDL_image\VisualC-WinRT\WinRT81_VS2013\jpeg-WinRT81.vcxproj", "{2E908AD5-95E9-4B2D-BD6E-BA3EA4C1A2EE}"
EndProject
Project("{8BC9CEB8-8B4A-11D0-8D11-00A0C91BC942}") = "libpng-WinRT81", "..\..\..\..\SDL_image\VisualC-WinRT\WinRT81_VS2013\libpng-WinRT81.vcxproj", "{5FBDC49A-7939-40F9-B78E-975F190ADBD3}"
EndProject
Project("{8BC9CEB8-8B4A-11D0-8D11-00A0C91BC942}") = "libwebp-WinRT81", "..\..\..\..\SDL_image\VisualC-WinRT\WinRT81_VS2013\libwebp-WinRT81.vcxproj", "{1EB035A3-815A-4382-90D3-4510AB605AD9}"
EndProject
Project("{8BC9CEB8-8B4A-11D0-8D11-00A0C91BC942}") = "zlib-WinRT81", "..\..\..\..\SDL_image\VisualC-WinRT\WinRT81_VS2013\zlib-WinRT81.vcxproj", "{ACEA4101-6F4A-44ED-9EC1-289821DAC711}"
EndProject
Project("{8BC9CEB8-8B4A-11D0-8D11-00A0C91BC942}") = "SDL2_image-WinRT81", "..\..\..\..\SDL_image\VisualC-WinRT\WinRT81_VS2013\SDL_image-WinRT81.vcxproj", "{29B4D11F-59F3-4EBC-A769-3BABD140DB9A}"
EndProject
Project("{8BC9CEB8-8B4A-11D0-8D11-00A0C91BC942}") = "libogg_dynamic-WinRT81", "..\..\..\..\SDL_mixer\VisualC-WinRT\WinRT81_VS2013\libogg_dynamic-WinRT81.vcxproj", "{6BC6349C-E355-4F1C-9290-FF755114A84B}"
EndProject
Project("{8BC9CEB8-8B4A-11D0-8D11-00A0C91BC942}") = "libvorbis_dynamic-WinRT81", "..\..\..\..\SDL_mixer\VisualC-WinRT\WinRT81_VS2013\libvorbis_dynamic-WinRT81.vcxproj", "{E3AB27F1-EB89-4C65-85DF-CB6A4F805753}"
EndProject
Project("{8BC9CEB8-8B4A-11D0-8D11-00A0C91BC942}") = "libvorbisfile_dynamic-WinRT81", "..\..\..\..\SDL_mixer\VisualC-WinRT\WinRT81_VS2013\libvorbisfile_dynamic-WinRT81.vcxproj", "{936B2819-2364-45D9-901D-52878914FAFA}"
EndProject
Project("{8BC9CEB8-8B4A-11D0-8D11-00A0C91BC942}") = "SDL2_mixer-WinRT81", "..\..\..\..\SDL_mixer\VisualC-WinRT\WinRT81_VS2013\SDL_mixer-WinRT81.vcxproj", "{3A833C7A-C776-4202-9DBD-BC879B23C605}"
EndProject
Project("{8BC9CEB8-8B4A-11D0-8D11-00A0C91BC942}") = "freetype-WinRT81", "..\..\..\..\SDL_ttf\VisualC-WinRT\WinRT81_VS2013\freetype-WinRT81.vcxproj", "{1264471F-847F-427D-8DB6-B733F188FFB9}"
EndProject
Project("{8BC9CEB8-8B4A-11D0-8D11-00A0C91BC942}") = "SDL2_ttf-WinRT81", "..\..\..\..\SDL_ttf\VisualC-WinRT\WinRT81_VS2013\SDL_ttf-WinRT81.vcxproj", "{90CA40DC-84B4-4D06-91D1-DC82A7A1E4D0}"
EndProject
Project("{2150E333-8FDC-42A3-9474-1A3956D46DE8}") = "libgen", "libgen", "{2644A068-4934-4D77-B05D-05AE31B59E9B}"
EndProject
Project("{8BC9CEB8-8B4A-11D0-8D11-00A0C91BC942}") = "libgen.Shared", "..\..\..\VisualC\libgen\libgen.Shared\libgen.Shared.vcxitems", "{7CF3B759-856B-4DC4-A0E5-A7C5564788C5}"
EndProject
Project("{8BC9CEB8-8B4A-11D0-8D11-00A0C91BC942}") = "libgen.Windows", "..\..\libgen\libgen.Windows\libgen.Windows.vcxproj", "{762FF28F-4525-4730-8C20-B0EB86390716}"
EndProject
Project("{8BC9CEB8-8B4A-11D0-8D11-00A0C91BC942}") = "libgen.WindowsPhone", "..\..\libgen\libgen.WindowsPhone\libgen.WindowsPhone.vcxproj", "{1474D86B-4D9E-458F-9DC3-8B8C7917E2A2}"
EndProject
Project("{2150E333-8FDC-42A3-9474-1A3956D46DE8}") = "libiconv", "libiconv", "{E1C925D0-E7D1-4A02-A674-2B5F3051331F}"
EndProject
Project("{8BC9CEB8-8B4A-11D0-8D11-00A0C91BC942}") = "libiconv.Shared", "..\..\..\VisualC\libiconv\libiconv.Shared\libiconv.Shared.vcxitems", "{5A6FDEB1-9776-4A14-8BDD-E919603DB294}"
EndProject
Project("{8BC9CEB8-8B4A-11D0-8D11-00A0C91BC942}") = "libiconv.Windows", "..\..\libiconv\libiconv.Windows\libiconv.Windows.vcxproj", "{4EB10EAD-E26B-4BCC-928B-818888FBF36E}"
EndProject
Project("{8BC9CEB8-8B4A-11D0-8D11-00A0C91BC942}") = "libiconv.WindowsPhone", "..\..\libiconv\libiconv.WindowsPhone\libiconv.WindowsPhone.vcxproj", "{7036DC2E-6FAB-417E-9EBE-8056A11E8BE8}"
EndProject
Project("{2150E333-8FDC-42A3-9474-1A3956D46DE8}") = "lua5x", "lua5x", "{59B9535D-1BDF-4C22-AF51-C4F6340CF897}"
EndProject
Project("{8BC9CEB8-8B4A-11D0-8D11-00A0C91BC942}") = "lua5x.Shared", "..\..\..\VisualC\lua5x\lua5x.Shared\lua5x.Shared.vcxitems", "{334EAB4B-C600-4A2B-95DD-F2D8BC95E414}"
EndProject
Project("{8BC9CEB8-8B4A-11D0-8D11-00A0C91BC942}") = "lua5x.Windows", "..\..\lua5x\lua5x.Windows\lua5x.Windows.vcxproj", "{51061988-175E-4D93-A2F2-6223E76915DA}"
EndProject
Project("{8BC9CEB8-8B4A-11D0-8D11-00A0C91BC942}") = "lua5x.WindowsPhone", "..\..\lua5x\lua5x.WindowsPhone\lua5x.WindowsPhone.vcxproj", "{8BBD729C-C0AF-46CA-A32D-CE40A58ECFE2}"
EndProject
Project("{8BC9CEB8-8B4A-11D0-8D11-00A0C91BC942}") = "jpeg-WinPhone81", "..\..\..\..\SDL_image\VisualC-WinRT\WinPhone81_VS2013\jpeg-WinPhone81.vcxproj", "{4F241F1F-6636-47A9-AEB2-5B5157961B51}"
EndProject
Project("{8BC9CEB8-8B4A-11D0-8D11-00A0C91BC942}") = "libpng-WinPhone81", "..\..\..\..\SDL_image\VisualC-WinRT\WinPhone81_VS2013\libpng-WinPhone81.vcxproj", "{C396C32A-1A8D-4711-A3DB-206F188FC738}"
EndProject
Project("{8BC9CEB8-8B4A-11D0-8D11-00A0C91BC942}") = "libwebp-WinPhone81", "..\..\..\..\SDL_image\VisualC-WinRT\WinPhone81_VS2013\libwebp-WinPhone81.vcxproj", "{9DC4D90A-0D6D-4150-9049-1F4358B59E06}"
EndProject
Project("{8BC9CEB8-8B4A-11D0-8D11-00A0C91BC942}") = "SDL2_image-WinPhone81", "..\..\..\..\SDL_image\VisualC-WinRT\WinPhone81_VS2013\SDL_image-WinPhone81.vcxproj", "{1444BB95-670B-4878-851B-7ED8DA0629A3}"
EndProject
Project("{8BC9CEB8-8B4A-11D0-8D11-00A0C91BC942}") = "zlib-WinPhone81", "..\..\..\..\SDL_image\VisualC-WinRT\WinPhone81_VS2013\zlib-WinPhone81.vcxproj", "{183B6F21-DD86-49A1-BA70-C97D7C404469}"
EndProject
Project("{8BC9CEB8-8B4A-11D0-8D11-00A0C91BC942}") = "libogg_dynamic-WinPhone81", "..\..\..\..\SDL_mixer\VisualC-WinRT\WinPhone81_VS2013\libogg_dynamic-WinPhone81.vcxproj", "{0CCC2E56-E3A4-4CD7-92BA-0C6F99440753}"
EndProject
Project("{8BC9CEB8-8B4A-11D0-8D11-00A0C91BC942}") = "libvorbis_dynamic-WinPhone81", "..\..\..\..\SDL_mixer\VisualC-WinRT\WinPhone81_VS2013\libvorbis_dynamic-WinPhone81.vcxproj", "{C943DBC9-4EB0-4684-BE3E-334342A7EE2C}"
EndProject
Project("{8BC9CEB8-8B4A-11D0-8D11-00A0C91BC942}") = "libvorbisfile_dynamic-WinPhone81", "..\..\..\..\SDL_mixer\VisualC-WinRT\WinPhone81_VS2013\libvorbisfile_dynamic-WinPhone81.vcxproj", "{203EFCC5-CE11-4A75-92F4-C3DBF7609376}"
EndProject
Project("{8BC9CEB8-8B4A-11D0-8D11-00A0C91BC942}") = "SDL2_mixer-WinPhone81", "..\..\..\..\SDL_mixer\VisualC-WinRT\WinPhone81_VS2013\SDL_mixer-WinPhone81.vcxproj", "{FB75C3D3-D261-4575-9D17-9E88E09568BA}"
EndProject
Project("{8BC9CEB8-8B4A-11D0-8D11-00A0C91BC942}") = "freetype-WinPhone81", "..\..\..\..\SDL_ttf\VisualC-WinRT\WinPhone81_VS2013\freetype-WinPhone81.vcxproj", "{7B62BBD5-2F9D-428F-A1EE-857E485592F7}"
EndProject
Project("{8BC9CEB8-8B4A-11D0-8D11-00A0C91BC942}") = "SDL2_ttf-WinPhone81", "..\..\..\..\SDL_ttf\VisualC-WinRT\WinPhone81_VS2013\SDL_ttf-WinPhone81.vcxproj", "{7EC61741-D45B-4A6E-ABA2-525E3A3F3A76}"
EndProject
Project("{2150E333-8FDC-42A3-9474-1A3956D46DE8}") = "instead_compat", "instead_compat", "{C48C3BDA-56B2-40AF-AD28-AC92945EFDA7}"
EndProject
Project("{8BC9CEB8-8B4A-11D0-8D11-00A0C91BC942}") = "instead_compat.Shared", "..\..\..\VisualC\instead_compat\instead_compat.Shared\instead_compat.Shared.vcxitems", "{8BC55AE3-7511-4317-86CE-6583310B54CF}"
EndProject
Project("{8BC9CEB8-8B4A-11D0-8D11-00A0C91BC942}") = "instead_compat.Windows", "..\..\instead_compat\instead_compat.Windows\instead_compat.Windows.vcxproj", "{2DE7D1E0-7587-4745-91B1-49B4E8E452C6}"
EndProject
Project("{8BC9CEB8-8B4A-11D0-8D11-00A0C91BC942}") = "instead_compat.WindowsPhone", "..\..\instead_compat\instead_compat.WindowsPhone\instead_compat.WindowsPhone.vcxproj", "{602FEB03-5606-48F3-ABEB-80BE55BB0AF3}"
EndProject
Project("{8BC9CEB8-8B4A-11D0-8D11-00A0C91BC942}") = "SDL2-WinPhone81", "..\..\..\..\SDL\VisualC-WinRT\WinPhone81_VS2013\SDL-WinPhone81.vcxproj", "{48FADC0E-964D-4DAB-BCED-372E0AD19577}"
EndProject
Project("{8BC9CEB8-8B4A-11D0-8D11-00A0C91BC942}") = "SDL2-WinRT81", "..\..\..\..\SDL\VisualC-WinRT\WinRT81_VS2013\SDL-WinRT81.vcxproj", "{C8DF6173-06A1-4F56-A9BC-2002596B30E9}"
EndProject
Project("{2150E333-8FDC-42A3-9474-1A3956D46DE8}") = "smpeg", "smpeg", "{4A0F8903-1CB1-490B-9D89-B5B7E91078AF}"
EndProject
Project("{8BC9CEB8-8B4A-11D0-8D11-00A0C91BC942}") = "smpeg.Shared", "..\smpeg\smpeg.Shared\smpeg.Shared.vcxitems", "{A3CE88C5-E0CD-41F5-80E7-9E597C563FDA}"
EndProject
Project("{8BC9CEB8-8B4A-11D0-8D11-00A0C91BC942}") = "smpeg.Windows", "..\smpeg\smpeg.Windows\smpeg.Windows.vcxproj", "{16687686-C254-435A-8D45-7532B0F8DAF2}"
EndProject
Project("{8BC9CEB8-8B4A-11D0-8D11-00A0C91BC942}") = "smpeg.WindowsPhone", "..\smpeg\smpeg.WindowsPhone\smpeg.WindowsPhone.vcxproj", "{4013BDAF-567E-45D6-A10A-DA7CBADB5C88}"
EndProject
Project("{2150E333-8FDC-42A3-9474-1A3956D46DE8}") = "libmikmod", "libmikmod", "{7E1C7EB9-21CC-414A-8C0F-D11F7104C912}"
EndProject
Project("{8BC9CEB8-8B4A-11D0-8D11-00A0C91BC942}") = "libmikmod.Shared", "..\libmikmod\libmikmod.Shared\libmikmod.Shared.vcxitems", "{91367529-57E0-4BD1-B1E2-2F98F3EF48DA}"
EndProject
Project("{8BC9CEB8-8B4A-11D0-8D11-00A0C91BC942}") = "libmikmod.Windows", "..\libmikmod\libmikmod.Windows\libmikmod.Windows.vcxproj", "{FFF7BD09-8E88-4D5C-AD5C-73F3623FE09F}"
EndProject
Project("{8BC9CEB8-8B4A-11D0-8D11-00A0C91BC942}") = "libmikmod.WindowsPhone", "..\libmikmod\libmikmod.WindowsPhone\libmikmod.WindowsPhone.vcxproj", "{E0643C83-C208-4EB1-8149-0DC0370030A0}"
EndProject
Project("{2150E333-8FDC-42A3-9474-1A3956D46DE8}") = "luafilesystem", "luafilesystem", "{E44BF721-BD26-4A1E-B084-773122A46739}"
EndProject
Project("{8BC9CEB8-8B4A-11D0-8D11-00A0C91BC942}") = "luafilesystem.Windows", "..\..\luafilesystem\luafilesystem.Windows\luafilesystem.Windows.vcxproj", "{2E9C23D4-AEE1-46E3-925C-3B3C511A76AD}"
EndProject
Project("{8BC9CEB8-8B4A-11D0-8D11-00A0C91BC942}") = "luafilesystem.WindowsPhone", "..\..\luafilesystem\luafilesystem.WindowsPhone\luafilesystem.WindowsPhone.vcxproj", "{F7C3A9EB-F67D-4BD2-B4DF-0E380A8A9F12}"
EndProject
Project("{8BC9CEB8-8B4A-11D0-8D11-00A0C91BC942}") = "luafilesystem.Shared", "..\..\..\VisualC\luafilesystem\luafilesystem.Shared\luafilesystem.Shared.vcxitems", "{89237B65-CD86-4427-B7E6-0234FAFA30DE}"
EndProject
Project("{2150E333-8FDC-42A3-9474-1A3956D46DE8}") = "luapassing", "luapassing", "{AB01F904-D656-4187-8499-BFA616777693}"
EndProject
Project("{8BC9CEB8-8B4A-11D0-8D11-00A0C91BC942}") = "luapassing.Windows", "..\..\luapassing\luapassing.Windows\luapassing.Windows.vcxproj", "{30F91969-6243-4888-95C1-C28C87E5CB30}"
EndProject
Project("{8BC9CEB8-8B4A-11D0-8D11-00A0C91BC942}") = "luapassing.WindowsPhone", "..\..\luapassing\luapassing.WindowsPhone\luapassing.WindowsPhone.vcxproj", "{582A91F2-296F-4F77-BCED-8D5CDAEA36C8}"
EndProject
Project("{8BC9CEB8-8B4A-11D0-8D11-00A0C91BC942}") = "luapassing.Shared", "..\..\..\VisualC\luapassing\luapassing.Shared\luapassing.Shared.vcxitems", "{C20EB92B-1FCE-49C9-BC57-B14E004DB581}"
EndProject
Project("{2150E333-8FDC-42A3-9474-1A3956D46DE8}") = "luasec", "luasec", "{E0E62EE5-03BA-41C8-8DD8-681DA8171361}"
EndProject
Project("{8BC9CEB8-8B4A-11D0-8D11-00A0C91BC942}") = "luasec.Windows", "..\..\luasec\luasec.Windows\luasec.Windows.vcxproj", "{BC624AC1-1F14-49DE-83EE-C2EBB28BBCF8}"
EndProject
Project("{8BC9CEB8-8B4A-11D0-8D11-00A0C91BC942}") = "luasec.WindowsPhone", "..\..\luasec\luasec.WindowsPhone\luasec.WindowsPhone.vcxproj", "{96660D43-1248-448B-9E2B-745DF19FDFE2}"
EndProject
Project("{8BC9CEB8-8B4A-11D0-8D11-00A0C91BC942}") = "luasec.Shared", "..\..\..\VisualC\luasec\luasec.Shared\luasec.Shared.vcxitems", "{2ED699F1-E3A1-40AC-AE39-CEB9C770F891}"
EndProject
Project("{2150E333-8FDC-42A3-9474-1A3956D46DE8}") = "mime", "mime", "{6999CDE7-13A8-44ED-B259-320212CC8AE3}"
EndProject
Project("{8BC9CEB8-8B4A-11D0-8D11-00A0C91BC942}") = "mime.Windows", "..\..\mime\mime.Windows\mime.Windows.vcxproj", "{648B065F-8C19-48AC-B861-B6D0A76BE9F6}"
EndProject
Project("{8BC9CEB8-8B4A-11D0-8D11-00A0C91BC942}") = "mime.WindowsPhone", "..\..\mime\mime.WindowsPhone\mime.WindowsPhone.vcxproj", "{CDA595F9-4DB2-4548-BBD3-58902CDB3433}"
EndProject
Project("{8BC9CEB8-8B4A-11D0-8D11-00A0C91BC942}") = "mime.Shared", "..\..\..\VisualC\luasocket\mime.Shared\mime.Shared.vcxitems", "{7E25537F-9613-46E5-8FE1-C9E62579BD39}"
EndProject
Project("{2150E333-8FDC-42A3-9474-1A3956D46DE8}") = "socket", "socket", "{AD414249-DFCB-4C85-B83D-ECBFE0111B97}"
EndProject
Project("{8BC9CEB8-8B4A-11D0-8D11-00A0C91BC942}") = "socket.Windows", "..\..\socket\socket.Windows\socket.Windows.vcxproj", "{EF85D041-8298-463C-8E69-293ED599CE27}"
EndProject
Project("{8BC9CEB8-8B4A-11D0-8D11-00A0C91BC942}") = "socket.WindowsPhone", "..\..\socket\socket.WindowsPhone\socket.WindowsPhone.vcxproj", "{288EDE96-D1F3-4D96-93FC-A7B548A1B921}"
EndProject
Project("{8BC9CEB8-8B4A-11D0-8D11-00A0C91BC942}") = "socket.Shared", "..\..\..\VisualC\luasocket\socket.Shared\socket.Shared.vcxitems", "{4631CD09-E1D8-4432-BAEF-D897BFC5729A}"
EndProject
Project("{8BC9CEB8-8B4A-11D0-8D11-00A0C91BC942}") = "socket.lua", "..\..\..\VisualC\socket.lua\socket.lua.vcxitems", "{DAFA093D-CF76-4338-A40B-F5282263DDF4}"
EndProject
Project("{8BC9CEB8-8B4A-11D0-8D11-00A0C91BC942}") = "mime.lua", "..\..\..\VisualC\mime.lua\mime.lua.vcxitems", "{D0185AE0-0CEC-4D1B-8569-90B7BB6CF19A}"
EndProject
Project("{8BC9CEB8-8B4A-11D0-8D11-00A0C91BC942}") = "luasec.lua", "..\..\..\VisualC\luasec.lua\luasec.lua.vcxitems", "{3B455748-8367-435F-92E1-61A2D54E7783}"
EndProject
Project("{8BC9CEB8-8B4A-11D0-8D11-00A0C91BC942}") = "luahelpers", "..\..\..\VisualC\luahelpers\luahelpers.vcxitems", "{45D41ACC-2C3C-43D2-BC10-02AA73FFC7C7}"
EndProject
Global
	GlobalSection(SharedMSBuildProjectFiles) = preSolution
		..\..\..\VisualC\libgen\libgen.Shared\libgen.Shared.vcxitems*{1474d86b-4d9e-458f-9dc3-8b8c7917e2a2}*SharedItemsImports = 4
		..\smpeg\smpeg.Shared\smpeg.Shared.vcxitems*{16687686-c254-435a-8d45-7532b0f8daf2}*SharedItemsImports = 4
		instead\instead.Shared\instead.Shared.vcxitems*{1d9225f7-ce03-40a0-9d44-877a1eb01ab9}*SharedItemsImports = 4
		..\..\..\VisualC\luahelpers\luahelpers.vcxitems*{1d9225f7-ce03-40a0-9d44-877a1eb01ab9}*SharedItemsImports = 4
		..\..\..\VisualC\luasec.lua\luasec.lua.vcxitems*{1d9225f7-ce03-40a0-9d44-877a1eb01ab9}*SharedItemsImports = 4
		..\..\..\VisualC\mime.lua\mime.lua.vcxitems*{1d9225f7-ce03-40a0-9d44-877a1eb01ab9}*SharedItemsImports = 4
		..\..\..\VisualC\socket.lua\socket.lua.vcxitems*{1d9225f7-ce03-40a0-9d44-877a1eb01ab9}*SharedItemsImports = 4
		..\..\..\VisualC\luasocket\socket.Shared\socket.Shared.vcxitems*{288ede96-d1f3-4d96-93fc-a7b548a1b921}*SharedItemsImports = 4
		..\..\..\VisualC\instead_compat\instead_compat.Shared\instead_compat.Shared.vcxitems*{2de7d1e0-7587-4745-91b1-49b4e8e452c6}*SharedItemsImports = 4
		..\..\..\VisualC\luafilesystem\luafilesystem.Shared\luafilesystem.Shared.vcxitems*{2e9c23d4-aee1-46e3-925c-3b3c511a76ad}*SharedItemsImports = 4
		..\..\..\VisualC\luasec\luasec.Shared\luasec.Shared.vcxitems*{2ed699f1-e3a1-40ac-ae39-ceb9c770f891}*SharedItemsImports = 9
		..\..\..\VisualC\luapassing\luapassing.Shared\luapassing.Shared.vcxitems*{30f91969-6243-4888-95c1-c28c87e5cb30}*SharedItemsImports = 4
		..\..\..\VisualC\lua5x\lua5x.Shared\lua5x.Shared.vcxitems*{334eab4b-c600-4a2b-95dd-f2d8bc95e414}*SharedItemsImports = 9
		instead\instead.Shared\instead.Shared.vcxitems*{36657cbe-4fd2-4728-8d57-cf55de261c72}*SharedItemsImports = 4
		..\..\..\VisualC\luahelpers\luahelpers.vcxitems*{36657cbe-4fd2-4728-8d57-cf55de261c72}*SharedItemsImports = 4
		..\..\..\VisualC\luasec.lua\luasec.lua.vcxitems*{36657cbe-4fd2-4728-8d57-cf55de261c72}*SharedItemsImports = 4
		..\..\..\VisualC\mime.lua\mime.lua.vcxitems*{36657cbe-4fd2-4728-8d57-cf55de261c72}*SharedItemsImports = 4
		..\..\..\VisualC\socket.lua\socket.lua.vcxitems*{36657cbe-4fd2-4728-8d57-cf55de261c72}*SharedItemsImports = 4
		instead\instead.Shared\instead.Shared.vcxitems*{381fe8cd-787f-4bc6-b313-8453be79a518}*SharedItemsImports = 9
		..\..\..\VisualC\luasec.lua\luasec.lua.vcxitems*{3b455748-8367-435f-92e1-61a2d54e7783}*SharedItemsImports = 9
		..\smpeg\smpeg.Shared\smpeg.Shared.vcxitems*{4013bdaf-567e-45d6-a10a-da7cbadb5c88}*SharedItemsImports = 4
		..\..\..\VisualC\luahelpers\luahelpers.vcxitems*{45d41acc-2c3c-43d2-bc10-02aa73ffc7c7}*SharedItemsImports = 9
		..\..\..\VisualC\luasocket\socket.Shared\socket.Shared.vcxitems*{4631cd09-e1d8-4432-baef-d897bfc5729a}*SharedItemsImports = 9
		..\..\..\VisualC\libiconv\libiconv.Shared\libiconv.Shared.vcxitems*{4eb10ead-e26b-4bcc-928b-818888fbf36e}*SharedItemsImports = 4
		..\..\..\VisualC\lua5x\lua5x.Shared\lua5x.Shared.vcxitems*{51061988-175e-4d93-a2f2-6223e76915da}*SharedItemsImports = 4
		..\..\..\VisualC\luapassing\luapassing.Shared\luapassing.Shared.vcxitems*{582a91f2-296f-4f77-bced-8d5cdaea36c8}*SharedItemsImports = 4
		..\..\..\VisualC\libiconv\libiconv.Shared\libiconv.Shared.vcxitems*{5a6fdeb1-9776-4a14-8bdd-e919603db294}*SharedItemsImports = 9
		..\..\..\VisualC\instead_compat\instead_compat.Shared\instead_compat.Shared.vcxitems*{602feb03-5606-48f3-abeb-80be55bb0af3}*SharedItemsImports = 4
		..\..\..\VisualC\luasocket\mime.Shared\mime.Shared.vcxitems*{648b065f-8c19-48ac-b861-b6d0a76be9f6}*SharedItemsImports = 4
		..\..\..\VisualC\libiconv\libiconv.Shared\libiconv.Shared.vcxitems*{7036dc2e-6fab-417e-9ebe-8056a11e8be8}*SharedItemsImports = 4
		..\..\..\VisualC\libgen\libgen.Shared\libgen.Shared.vcxitems*{762ff28f-4525-4730-8c20-b0eb86390716}*SharedItemsImports = 4
		..\..\..\VisualC\libgen\libgen.Shared\libgen.Shared.vcxitems*{7cf3b759-856b-4dc4-a0e5-a7c5564788c5}*SharedItemsImports = 9
		..\..\..\VisualC\luasocket\mime.Shared\mime.Shared.vcxitems*{7e25537f-9613-46e5-8fe1-c9e62579bd39}*SharedItemsImports = 9
		..\..\..\VisualC\luafilesystem\luafilesystem.Shared\luafilesystem.Shared.vcxitems*{89237b65-cd86-4427-b7e6-0234fafa30de}*SharedItemsImports = 9
		..\..\..\VisualC\lua5x\lua5x.Shared\lua5x.Shared.vcxitems*{8bbd729c-c0af-46ca-a32d-ce40a58ecfe2}*SharedItemsImports = 4
		..\..\..\VisualC\instead_compat\instead_compat.Shared\instead_compat.Shared.vcxitems*{8bc55ae3-7511-4317-86ce-6583310b54cf}*SharedItemsImports = 9
		..\libmikmod\libmikmod.Shared\libmikmod.Shared.vcxitems*{91367529-57e0-4bd1-b1e2-2f98f3ef48da}*SharedItemsImports = 9
		..\..\..\VisualC\luasec\luasec.Shared\luasec.Shared.vcxitems*{96660d43-1248-448b-9e2b-745df19fdfe2}*SharedItemsImports = 4
		..\smpeg\smpeg.Shared\smpeg.Shared.vcxitems*{a3ce88c5-e0cd-41f5-80e7-9e597c563fda}*SharedItemsImports = 9
		..\..\..\VisualC\luasec\luasec.Shared\luasec.Shared.vcxitems*{bc624ac1-1f14-49de-83ee-c2ebb28bbcf8}*SharedItemsImports = 4
		..\..\..\VisualC\luapassing\luapassing.Shared\luapassing.Shared.vcxitems*{c20eb92b-1fce-49c9-bc57-b14e004db581}*SharedItemsImports = 9
		..\..\..\VisualC\luasocket\mime.Shared\mime.Shared.vcxitems*{cda595f9-4db2-4548-bbd3-58902cdb3433}*SharedItemsImports = 4
		..\..\..\VisualC\mime.lua\mime.lua.vcxitems*{d0185ae0-0cec-4d1b-8569-90b7bb6cf19a}*SharedItemsImports = 9
		..\..\..\VisualC\socket.lua\socket.lua.vcxitems*{dafa093d-cf76-4338-a40b-f5282263ddf4}*SharedItemsImports = 9
		..\libmikmod\libmikmod.Shared\libmikmod.Shared.vcxitems*{e0643c83-c208-4eb1-8149-0dc0370030a0}*SharedItemsImports = 4
		..\..\..\VisualC\luasocket\socket.Shared\socket.Shared.vcxitems*{ef85d041-8298-463c-8e69-293ed599ce27}*SharedItemsImports = 4
		..\..\..\VisualC\luafilesystem\luafilesystem.Shared\luafilesystem.Shared.vcxitems*{f7c3a9eb-f67d-4bd2-b4df-0e380a8a9f12}*SharedItemsImports = 4
		..\libmikmod\libmikmod.Shared\libmikmod.Shared.vcxitems*{fff7bd09-8e88-4d5c-ad5c-73f3623fe09f}*SharedItemsImports = 4
	EndGlobalSection
	GlobalSection(SolutionConfigurationPlatforms) = preSolution
		Debug|ARM = Debug|ARM
		Debug|x64 = Debug|x64
		Debug|x86 = Debug|x86
		Release|ARM = Release|ARM
		Release|x64 = Release|x64
		Release|x86 = Release|x86
	EndGlobalSection
	GlobalSection(ProjectConfigurationPlatforms) = postSolution
		{1D9225F7-CE03-40A0-9D44-877A1EB01AB9}.Debug|ARM.ActiveCfg = Debug|ARM
		{1D9225F7-CE03-40A0-9D44-877A1EB01AB9}.Debug|ARM.Build.0 = Debug|ARM
		{1D9225F7-CE03-40A0-9D44-877A1EB01AB9}.Debug|ARM.Deploy.0 = Debug|ARM
		{1D9225F7-CE03-40A0-9D44-877A1EB01AB9}.Debug|x64.ActiveCfg = Debug|x64
		{1D9225F7-CE03-40A0-9D44-877A1EB01AB9}.Debug|x64.Build.0 = Debug|x64
		{1D9225F7-CE03-40A0-9D44-877A1EB01AB9}.Debug|x64.Deploy.0 = Debug|x64
		{1D9225F7-CE03-40A0-9D44-877A1EB01AB9}.Debug|x86.ActiveCfg = Debug|Win32
		{1D9225F7-CE03-40A0-9D44-877A1EB01AB9}.Debug|x86.Build.0 = Debug|Win32
		{1D9225F7-CE03-40A0-9D44-877A1EB01AB9}.Debug|x86.Deploy.0 = Debug|Win32
		{1D9225F7-CE03-40A0-9D44-877A1EB01AB9}.Release|ARM.ActiveCfg = Release|ARM
		{1D9225F7-CE03-40A0-9D44-877A1EB01AB9}.Release|ARM.Build.0 = Release|ARM
		{1D9225F7-CE03-40A0-9D44-877A1EB01AB9}.Release|ARM.Deploy.0 = Release|ARM
		{1D9225F7-CE03-40A0-9D44-877A1EB01AB9}.Release|x64.ActiveCfg = Release|x64
		{1D9225F7-CE03-40A0-9D44-877A1EB01AB9}.Release|x64.Build.0 = Release|x64
		{1D9225F7-CE03-40A0-9D44-877A1EB01AB9}.Release|x64.Deploy.0 = Release|x64
		{1D9225F7-CE03-40A0-9D44-877A1EB01AB9}.Release|x86.ActiveCfg = Release|Win32
		{1D9225F7-CE03-40A0-9D44-877A1EB01AB9}.Release|x86.Build.0 = Release|Win32
		{1D9225F7-CE03-40A0-9D44-877A1EB01AB9}.Release|x86.Deploy.0 = Release|Win32
		{36657CBE-4FD2-4728-8D57-CF55DE261C72}.Debug|ARM.ActiveCfg = Debug|ARM
		{36657CBE-4FD2-4728-8D57-CF55DE261C72}.Debug|ARM.Build.0 = Debug|ARM
		{36657CBE-4FD2-4728-8D57-CF55DE261C72}.Debug|ARM.Deploy.0 = Debug|ARM
		{36657CBE-4FD2-4728-8D57-CF55DE261C72}.Debug|x64.ActiveCfg = Debug|Win32
		{36657CBE-4FD2-4728-8D57-CF55DE261C72}.Debug|x86.ActiveCfg = Debug|Win32
		{36657CBE-4FD2-4728-8D57-CF55DE261C72}.Debug|x86.Build.0 = Debug|Win32
		{36657CBE-4FD2-4728-8D57-CF55DE261C72}.Debug|x86.Deploy.0 = Debug|Win32
		{36657CBE-4FD2-4728-8D57-CF55DE261C72}.Release|ARM.ActiveCfg = Release|ARM
		{36657CBE-4FD2-4728-8D57-CF55DE261C72}.Release|ARM.Build.0 = Release|ARM
		{36657CBE-4FD2-4728-8D57-CF55DE261C72}.Release|ARM.Deploy.0 = Release|ARM
		{36657CBE-4FD2-4728-8D57-CF55DE261C72}.Release|x64.ActiveCfg = Release|Win32
		{36657CBE-4FD2-4728-8D57-CF55DE261C72}.Release|x86.ActiveCfg = Release|Win32
		{36657CBE-4FD2-4728-8D57-CF55DE261C72}.Release|x86.Build.0 = Release|Win32
		{36657CBE-4FD2-4728-8D57-CF55DE261C72}.Release|x86.Deploy.0 = Release|Win32
		{2E908AD5-95E9-4B2D-BD6E-BA3EA4C1A2EE}.Debug|ARM.ActiveCfg = Debug|ARM
		{2E908AD5-95E9-4B2D-BD6E-BA3EA4C1A2EE}.Debug|ARM.Build.0 = Debug|ARM
		{2E908AD5-95E9-4B2D-BD6E-BA3EA4C1A2EE}.Debug|x64.ActiveCfg = Debug|x64
		{2E908AD5-95E9-4B2D-BD6E-BA3EA4C1A2EE}.Debug|x64.Build.0 = Debug|x64
		{2E908AD5-95E9-4B2D-BD6E-BA3EA4C1A2EE}.Debug|x86.ActiveCfg = Debug|Win32
		{2E908AD5-95E9-4B2D-BD6E-BA3EA4C1A2EE}.Debug|x86.Build.0 = Debug|Win32
		{2E908AD5-95E9-4B2D-BD6E-BA3EA4C1A2EE}.Release|ARM.ActiveCfg = Release|ARM
		{2E908AD5-95E9-4B2D-BD6E-BA3EA4C1A2EE}.Release|ARM.Build.0 = Release|ARM
		{2E908AD5-95E9-4B2D-BD6E-BA3EA4C1A2EE}.Release|x64.ActiveCfg = Release|x64
		{2E908AD5-95E9-4B2D-BD6E-BA3EA4C1A2EE}.Release|x64.Build.0 = Release|x64
		{2E908AD5-95E9-4B2D-BD6E-BA3EA4C1A2EE}.Release|x86.ActiveCfg = Release|Win32
		{2E908AD5-95E9-4B2D-BD6E-BA3EA4C1A2EE}.Release|x86.Build.0 = Release|Win32
		{5FBDC49A-7939-40F9-B78E-975F190ADBD3}.Debug|ARM.ActiveCfg = Debug|ARM
		{5FBDC49A-7939-40F9-B78E-975F190ADBD3}.Debug|ARM.Build.0 = Debug|ARM
		{5FBDC49A-7939-40F9-B78E-975F190ADBD3}.Debug|x64.ActiveCfg = Debug|x64
		{5FBDC49A-7939-40F9-B78E-975F190ADBD3}.Debug|x64.Build.0 = Debug|x64
		{5FBDC49A-7939-40F9-B78E-975F190ADBD3}.Debug|x86.ActiveCfg = Debug|Win32
		{5FBDC49A-7939-40F9-B78E-975F190ADBD3}.Debug|x86.Build.0 = Debug|Win32
		{5FBDC49A-7939-40F9-B78E-975F190ADBD3}.Release|ARM.ActiveCfg = Release|ARM
		{5FBDC49A-7939-40F9-B78E-975F190ADBD3}.Release|ARM.Build.0 = Release|ARM
		{5FBDC49A-7939-40F9-B78E-975F190ADBD3}.Release|x64.ActiveCfg = Release|x64
		{5FBDC49A-7939-40F9-B78E-975F190ADBD3}.Release|x64.Build.0 = Release|x64
		{5FBDC49A-7939-40F9-B78E-975F190ADBD3}.Release|x86.ActiveCfg = Release|Win32
		{5FBDC49A-7939-40F9-B78E-975F190ADBD3}.Release|x86.Build.0 = Release|Win32
		{1EB035A3-815A-4382-90D3-4510AB605AD9}.Debug|ARM.ActiveCfg = Debug|ARM
		{1EB035A3-815A-4382-90D3-4510AB605AD9}.Debug|ARM.Build.0 = Debug|ARM
		{1EB035A3-815A-4382-90D3-4510AB605AD9}.Debug|x64.ActiveCfg = Debug|x64
		{1EB035A3-815A-4382-90D3-4510AB605AD9}.Debug|x64.Build.0 = Debug|x64
		{1EB035A3-815A-4382-90D3-4510AB605AD9}.Debug|x86.ActiveCfg = Debug|Win32
		{1EB035A3-815A-4382-90D3-4510AB605AD9}.Debug|x86.Build.0 = Debug|Win32
		{1EB035A3-815A-4382-90D3-4510AB605AD9}.Release|ARM.ActiveCfg = Release|ARM
		{1EB035A3-815A-4382-90D3-4510AB605AD9}.Release|ARM.Build.0 = Release|ARM
		{1EB035A3-815A-4382-90D3-4510AB605AD9}.Release|x64.ActiveCfg = Release|x64
		{1EB035A3-815A-4382-90D3-4510AB605AD9}.Release|x64.Build.0 = Release|x64
		{1EB035A3-815A-4382-90D3-4510AB605AD9}.Release|x86.ActiveCfg = Release|Win32
		{1EB035A3-815A-4382-90D3-4510AB605AD9}.Release|x86.Build.0 = Release|Win32
		{ACEA4101-6F4A-44ED-9EC1-289821DAC711}.Debug|ARM.ActiveCfg = Debug|ARM
		{ACEA4101-6F4A-44ED-9EC1-289821DAC711}.Debug|ARM.Build.0 = Debug|ARM
		{ACEA4101-6F4A-44ED-9EC1-289821DAC711}.Debug|x64.ActiveCfg = Debug|x64
		{ACEA4101-6F4A-44ED-9EC1-289821DAC711}.Debug|x64.Build.0 = Debug|x64
		{ACEA4101-6F4A-44ED-9EC1-289821DAC711}.Debug|x86.ActiveCfg = Debug|Win32
		{ACEA4101-6F4A-44ED-9EC1-289821DAC711}.Debug|x86.Build.0 = Debug|Win32
		{ACEA4101-6F4A-44ED-9EC1-289821DAC711}.Release|ARM.ActiveCfg = Release|ARM
		{ACEA4101-6F4A-44ED-9EC1-289821DAC711}.Release|ARM.Build.0 = Release|ARM
		{ACEA4101-6F4A-44ED-9EC1-289821DAC711}.Release|x64.ActiveCfg = Release|x64
		{ACEA4101-6F4A-44ED-9EC1-289821DAC711}.Release|x64.Build.0 = Release|x64
		{ACEA4101-6F4A-44ED-9EC1-289821DAC711}.Release|x86.ActiveCfg = Release|Win32
		{ACEA4101-6F4A-44ED-9EC1-289821DAC711}.Release|x86.Build.0 = Release|Win32
		{29B4D11F-59F3-4EBC-A769-3BABD140DB9A}.Debug|ARM.ActiveCfg = Debug|ARM
		{29B4D11F-59F3-4EBC-A769-3BABD140DB9A}.Debug|ARM.Build.0 = Debug|ARM
		{29B4D11F-59F3-4EBC-A769-3BABD140DB9A}.Debug|x64.ActiveCfg = Debug|x64
		{29B4D11F-59F3-4EBC-A769-3BABD140DB9A}.Debug|x64.Build.0 = Debug|x64
		{29B4D11F-59F3-4EBC-A769-3BABD140DB9A}.Debug|x86.ActiveCfg = Debug|Win32
		{29B4D11F-59F3-4EBC-A769-3BABD140DB9A}.Debug|x86.Build.0 = Debug|Win32
		{29B4D11F-59F3-4EBC-A769-3BABD140DB9A}.Release|ARM.ActiveCfg = Release|ARM
		{29B4D11F-59F3-4EBC-A769-3BABD140DB9A}.Release|ARM.Build.0 = Release|ARM
		{29B4D11F-59F3-4EBC-A769-3BABD140DB9A}.Release|x64.ActiveCfg = Release|x64
		{29B4D11F-59F3-4EBC-A769-3BABD140DB9A}.Release|x64.Build.0 = Release|x64
		{29B4D11F-59F3-4EBC-A769-3BABD140DB9A}.Release|x86.ActiveCfg = Release|Win32
		{29B4D11F-59F3-4EBC-A769-3BABD140DB9A}.Release|x86.Build.0 = Release|Win32
		{6BC6349C-E355-4F1C-9290-FF755114A84B}.Debug|ARM.ActiveCfg = Debug|ARM
		{6BC6349C-E355-4F1C-9290-FF755114A84B}.Debug|ARM.Build.0 = Debug|ARM
		{6BC6349C-E355-4F1C-9290-FF755114A84B}.Debug|x64.ActiveCfg = Debug|x64
		{6BC6349C-E355-4F1C-9290-FF755114A84B}.Debug|x64.Build.0 = Debug|x64
		{6BC6349C-E355-4F1C-9290-FF755114A84B}.Debug|x86.ActiveCfg = Debug|Win32
		{6BC6349C-E355-4F1C-9290-FF755114A84B}.Debug|x86.Build.0 = Debug|Win32
		{6BC6349C-E355-4F1C-9290-FF755114A84B}.Release|ARM.ActiveCfg = Release|ARM
		{6BC6349C-E355-4F1C-9290-FF755114A84B}.Release|ARM.Build.0 = Release|ARM
		{6BC6349C-E355-4F1C-9290-FF755114A84B}.Release|x64.ActiveCfg = Release|x64
		{6BC6349C-E355-4F1C-9290-FF755114A84B}.Release|x64.Build.0 = Release|x64
		{6BC6349C-E355-4F1C-9290-FF755114A84B}.Release|x86.ActiveCfg = Release|Win32
		{6BC6349C-E355-4F1C-9290-FF755114A84B}.Release|x86.Build.0 = Release|Win32
		{E3AB27F1-EB89-4C65-85DF-CB6A4F805753}.Debug|ARM.ActiveCfg = Debug|ARM
		{E3AB27F1-EB89-4C65-85DF-CB6A4F805753}.Debug|ARM.Build.0 = Debug|ARM
		{E3AB27F1-EB89-4C65-85DF-CB6A4F805753}.Debug|x64.ActiveCfg = Debug|x64
		{E3AB27F1-EB89-4C65-85DF-CB6A4F805753}.Debug|x64.Build.0 = Debug|x64
		{E3AB27F1-EB89-4C65-85DF-CB6A4F805753}.Debug|x86.ActiveCfg = Debug|Win32
		{E3AB27F1-EB89-4C65-85DF-CB6A4F805753}.Debug|x86.Build.0 = Debug|Win32
		{E3AB27F1-EB89-4C65-85DF-CB6A4F805753}.Release|ARM.ActiveCfg = Release|ARM
		{E3AB27F1-EB89-4C65-85DF-CB6A4F805753}.Release|ARM.Build.0 = Release|ARM
		{E3AB27F1-EB89-4C65-85DF-CB6A4F805753}.Release|x64.ActiveCfg = Release|x64
		{E3AB27F1-EB89-4C65-85DF-CB6A4F805753}.Release|x64.Build.0 = Release|x64
		{E3AB27F1-EB89-4C65-85DF-CB6A4F805753}.Release|x86.ActiveCfg = Release|Win32
		{E3AB27F1-EB89-4C65-85DF-CB6A4F805753}.Release|x86.Build.0 = Release|Win32
		{936B2819-2364-45D9-901D-52878914FAFA}.Debug|ARM.ActiveCfg = Debug|ARM
		{936B2819-2364-45D9-901D-52878914FAFA}.Debug|ARM.Build.0 = Debug|ARM
		{936B2819-2364-45D9-901D-52878914FAFA}.Debug|x64.ActiveCfg = Debug|x64
		{936B2819-2364-45D9-901D-52878914FAFA}.Debug|x64.Build.0 = Debug|x64
		{936B2819-2364-45D9-901D-52878914FAFA}.Debug|x86.ActiveCfg = Debug|Win32
		{936B2819-2364-45D9-901D-52878914FAFA}.Debug|x86.Build.0 = Debug|Win32
		{936B2819-2364-45D9-901D-52878914FAFA}.Release|ARM.ActiveCfg = Release|ARM
		{936B2819-2364-45D9-901D-52878914FAFA}.Release|ARM.Build.0 = Release|ARM
		{936B2819-2364-45D9-901D-52878914FAFA}.Release|x64.ActiveCfg = Release|x64
		{936B2819-2364-45D9-901D-52878914FAFA}.Release|x64.Build.0 = Release|x64
		{936B2819-2364-45D9-901D-52878914FAFA}.Release|x86.ActiveCfg = Release|Win32
		{936B2819-2364-45D9-901D-52878914FAFA}.Release|x86.Build.0 = Release|Win32
		{3A833C7A-C776-4202-9DBD-BC879B23C605}.Debug|ARM.ActiveCfg = Debug|ARM
		{3A833C7A-C776-4202-9DBD-BC879B23C605}.Debug|ARM.Build.0 = Debug|ARM
		{3A833C7A-C776-4202-9DBD-BC879B23C605}.Debug|x64.ActiveCfg = Debug|x64
		{3A833C7A-C776-4202-9DBD-BC879B23C605}.Debug|x64.Build.0 = Debug|x64
		{3A833C7A-C776-4202-9DBD-BC879B23C605}.Debug|x86.ActiveCfg = Debug|Win32
		{3A833C7A-C776-4202-9DBD-BC879B23C605}.Debug|x86.Build.0 = Debug|Win32
		{3A833C7A-C776-4202-9DBD-BC879B23C605}.Release|ARM.ActiveCfg = Release|ARM
		{3A833C7A-C776-4202-9DBD-BC879B23C605}.Release|ARM.Build.0 = Release|ARM
		{3A833C7A-C776-4202-9DBD-BC879B23C605}.Release|x64.ActiveCfg = Release|x64
		{3A833C7A-C776-4202-9DBD-BC879B23C605}.Release|x64.Build.0 = Release|x64
		{3A833C7A-C776-4202-9DBD-BC879B23C605}.Release|x86.ActiveCfg = Release|Win32
		{3A833C7A-C776-4202-9DBD-BC879B23C605}.Release|x86.Build.0 = Release|Win32
		{1264471F-847F-427D-8DB6-B733F188FFB9}.Debug|ARM.ActiveCfg = Debug|ARM
		{1264471F-847F-427D-8DB6-B733F188FFB9}.Debug|ARM.Build.0 = Debug|ARM
		{1264471F-847F-427D-8DB6-B733F188FFB9}.Debug|x64.ActiveCfg = Debug|x64
		{1264471F-847F-427D-8DB6-B733F188FFB9}.Debug|x64.Build.0 = Debug|x64
		{1264471F-847F-427D-8DB6-B733F188FFB9}.Debug|x86.ActiveCfg = Debug|Win32
		{1264471F-847F-427D-8DB6-B733F188FFB9}.Debug|x86.Build.0 = Debug|Win32
		{1264471F-847F-427D-8DB6-B733F188FFB9}.Release|ARM.ActiveCfg = Release|ARM
		{1264471F-847F-427D-8DB6-B733F188FFB9}.Release|ARM.Build.0 = Release|ARM
		{1264471F-847F-427D-8DB6-B733F188FFB9}.Release|x64.ActiveCfg = Release|x64
		{1264471F-847F-427D-8DB6-B733F188FFB9}.Release|x64.Build.0 = Release|x64
		{1264471F-847F-427D-8DB6-B733F188FFB9}.Release|x86.ActiveCfg = Release|Win32
		{1264471F-847F-427D-8DB6-B733F188FFB9}.Release|x86.Build.0 = Release|Win32
		{90CA40DC-84B4-4D06-91D1-DC82A7A1E4D0}.Debug|ARM.ActiveCfg = Debug|ARM
		{90CA40DC-84B4-4D06-91D1-DC82A7A1E4D0}.Debug|ARM.Build.0 = Debug|ARM
		{90CA40DC-84B4-4D06-91D1-DC82A7A1E4D0}.Debug|x64.ActiveCfg = Debug|x64
		{90CA40DC-84B4-4D06-91D1-DC82A7A1E4D0}.Debug|x64.Build.0 = Debug|x64
		{90CA40DC-84B4-4D06-91D1-DC82A7A1E4D0}.Debug|x86.ActiveCfg = Debug|Win32
		{90CA40DC-84B4-4D06-91D1-DC82A7A1E4D0}.Debug|x86.Build.0 = Debug|Win32
		{90CA40DC-84B4-4D06-91D1-DC82A7A1E4D0}.Release|ARM.ActiveCfg = Release|ARM
		{90CA40DC-84B4-4D06-91D1-DC82A7A1E4D0}.Release|ARM.Build.0 = Release|ARM
		{90CA40DC-84B4-4D06-91D1-DC82A7A1E4D0}.Release|x64.ActiveCfg = Release|x64
		{90CA40DC-84B4-4D06-91D1-DC82A7A1E4D0}.Release|x64.Build.0 = Release|x64
		{90CA40DC-84B4-4D06-91D1-DC82A7A1E4D0}.Release|x86.ActiveCfg = Release|Win32
		{90CA40DC-84B4-4D06-91D1-DC82A7A1E4D0}.Release|x86.Build.0 = Release|Win32
		{762FF28F-4525-4730-8C20-B0EB86390716}.Debug|ARM.ActiveCfg = Debug|ARM
		{762FF28F-4525-4730-8C20-B0EB86390716}.Debug|ARM.Build.0 = Debug|ARM
		{762FF28F-4525-4730-8C20-B0EB86390716}.Debug|x64.ActiveCfg = Debug|x64
		{762FF28F-4525-4730-8C20-B0EB86390716}.Debug|x64.Build.0 = Debug|x64
		{762FF28F-4525-4730-8C20-B0EB86390716}.Debug|x86.ActiveCfg = Debug|Win32
		{762FF28F-4525-4730-8C20-B0EB86390716}.Debug|x86.Build.0 = Debug|Win32
		{762FF28F-4525-4730-8C20-B0EB86390716}.Release|ARM.ActiveCfg = Release|ARM
		{762FF28F-4525-4730-8C20-B0EB86390716}.Release|ARM.Build.0 = Release|ARM
		{762FF28F-4525-4730-8C20-B0EB86390716}.Release|x64.ActiveCfg = Release|x64
		{762FF28F-4525-4730-8C20-B0EB86390716}.Release|x64.Build.0 = Release|x64
		{762FF28F-4525-4730-8C20-B0EB86390716}.Release|x86.ActiveCfg = Release|Win32
		{762FF28F-4525-4730-8C20-B0EB86390716}.Release|x86.Build.0 = Release|Win32
		{1474D86B-4D9E-458F-9DC3-8B8C7917E2A2}.Debug|ARM.ActiveCfg = Debug|ARM
		{1474D86B-4D9E-458F-9DC3-8B8C7917E2A2}.Debug|ARM.Build.0 = Debug|ARM
		{1474D86B-4D9E-458F-9DC3-8B8C7917E2A2}.Debug|x64.ActiveCfg = Debug|Win32
		{1474D86B-4D9E-458F-9DC3-8B8C7917E2A2}.Debug|x86.ActiveCfg = Debug|Win32
		{1474D86B-4D9E-458F-9DC3-8B8C7917E2A2}.Debug|x86.Build.0 = Debug|Win32
		{1474D86B-4D9E-458F-9DC3-8B8C7917E2A2}.Release|ARM.ActiveCfg = Release|ARM
		{1474D86B-4D9E-458F-9DC3-8B8C7917E2A2}.Release|ARM.Build.0 = Release|ARM
		{1474D86B-4D9E-458F-9DC3-8B8C7917E2A2}.Release|x64.ActiveCfg = Release|Win32
		{1474D86B-4D9E-458F-9DC3-8B8C7917E2A2}.Release|x86.ActiveCfg = Release|Win32
		{1474D86B-4D9E-458F-9DC3-8B8C7917E2A2}.Release|x86.Build.0 = Release|Win32
		{4EB10EAD-E26B-4BCC-928B-818888FBF36E}.Debug|ARM.ActiveCfg = Debug|ARM
		{4EB10EAD-E26B-4BCC-928B-818888FBF36E}.Debug|ARM.Build.0 = Debug|ARM
		{4EB10EAD-E26B-4BCC-928B-818888FBF36E}.Debug|x64.ActiveCfg = Debug|x64
		{4EB10EAD-E26B-4BCC-928B-818888FBF36E}.Debug|x64.Build.0 = Debug|x64
		{4EB10EAD-E26B-4BCC-928B-818888FBF36E}.Debug|x86.ActiveCfg = Debug|Win32
		{4EB10EAD-E26B-4BCC-928B-818888FBF36E}.Debug|x86.Build.0 = Debug|Win32
		{4EB10EAD-E26B-4BCC-928B-818888FBF36E}.Release|ARM.ActiveCfg = Release|ARM
		{4EB10EAD-E26B-4BCC-928B-818888FBF36E}.Release|ARM.Build.0 = Release|ARM
		{4EB10EAD-E26B-4BCC-928B-818888FBF36E}.Release|x64.ActiveCfg = Release|x64
		{4EB10EAD-E26B-4BCC-928B-818888FBF36E}.Release|x64.Build.0 = Release|x64
		{4EB10EAD-E26B-4BCC-928B-818888FBF36E}.Release|x86.ActiveCfg = Release|Win32
		{4EB10EAD-E26B-4BCC-928B-818888FBF36E}.Release|x86.Build.0 = Release|Win32
		{7036DC2E-6FAB-417E-9EBE-8056A11E8BE8}.Debug|ARM.ActiveCfg = Debug|ARM
		{7036DC2E-6FAB-417E-9EBE-8056A11E8BE8}.Debug|ARM.Build.0 = Debug|ARM
		{7036DC2E-6FAB-417E-9EBE-8056A11E8BE8}.Debug|x64.ActiveCfg = Debug|Win32
		{7036DC2E-6FAB-417E-9EBE-8056A11E8BE8}.Debug|x86.ActiveCfg = Debug|Win32
		{7036DC2E-6FAB-417E-9EBE-8056A11E8BE8}.Debug|x86.Build.0 = Debug|Win32
		{7036DC2E-6FAB-417E-9EBE-8056A11E8BE8}.Release|ARM.ActiveCfg = Release|ARM
		{7036DC2E-6FAB-417E-9EBE-8056A11E8BE8}.Release|ARM.Build.0 = Release|ARM
		{7036DC2E-6FAB-417E-9EBE-8056A11E8BE8}.Release|x64.ActiveCfg = Release|Win32
		{7036DC2E-6FAB-417E-9EBE-8056A11E8BE8}.Release|x86.ActiveCfg = Release|Win32
		{7036DC2E-6FAB-417E-9EBE-8056A11E8BE8}.Release|x86.Build.0 = Release|Win32
		{51061988-175E-4D93-A2F2-6223E76915DA}.Debug|ARM.ActiveCfg = Debug|ARM
		{51061988-175E-4D93-A2F2-6223E76915DA}.Debug|ARM.Build.0 = Debug|ARM
		{51061988-175E-4D93-A2F2-6223E76915DA}.Debug|x64.ActiveCfg = Debug|x64
		{51061988-175E-4D93-A2F2-6223E76915DA}.Debug|x64.Build.0 = Debug|x64
		{51061988-175E-4D93-A2F2-6223E76915DA}.Debug|x86.ActiveCfg = Debug|Win32
		{51061988-175E-4D93-A2F2-6223E76915DA}.Debug|x86.Build.0 = Debug|Win32
		{51061988-175E-4D93-A2F2-6223E76915DA}.Release|ARM.ActiveCfg = Release|ARM
		{51061988-175E-4D93-A2F2-6223E76915DA}.Release|ARM.Build.0 = Release|ARM
		{51061988-175E-4D93-A2F2-6223E76915DA}.Release|x64.ActiveCfg = Release|x64
		{51061988-175E-4D93-A2F2-6223E76915DA}.Release|x64.Build.0 = Release|x64
		{51061988-175E-4D93-A2F2-6223E76915DA}.Release|x86.ActiveCfg = Release|Win32
		{51061988-175E-4D93-A2F2-6223E76915DA}.Release|x86.Build.0 = Release|Win32
		{8BBD729C-C0AF-46CA-A32D-CE40A58ECFE2}.Debug|ARM.ActiveCfg = Debug|ARM
		{8BBD729C-C0AF-46CA-A32D-CE40A58ECFE2}.Debug|ARM.Build.0 = Debug|ARM
		{8BBD729C-C0AF-46CA-A32D-CE40A58ECFE2}.Debug|x64.ActiveCfg = Debug|Win32
		{8BBD729C-C0AF-46CA-A32D-CE40A58ECFE2}.Debug|x86.ActiveCfg = Debug|Win32
		{8BBD729C-C0AF-46CA-A32D-CE40A58ECFE2}.Debug|x86.Build.0 = Debug|Win32
		{8BBD729C-C0AF-46CA-A32D-CE40A58ECFE2}.Release|ARM.ActiveCfg = Release|ARM
		{8BBD729C-C0AF-46CA-A32D-CE40A58ECFE2}.Release|ARM.Build.0 = Release|ARM
		{8BBD729C-C0AF-46CA-A32D-CE40A58ECFE2}.Release|x64.ActiveCfg = Release|Win32
		{8BBD729C-C0AF-46CA-A32D-CE40A58ECFE2}.Release|x86.ActiveCfg = Release|Win32
		{8BBD729C-C0AF-46CA-A32D-CE40A58ECFE2}.Release|x86.Build.0 = Release|Win32
		{4F241F1F-6636-47A9-AEB2-5B5157961B51}.Debug|ARM.ActiveCfg = Debug|ARM
		{4F241F1F-6636-47A9-AEB2-5B5157961B51}.Debug|ARM.Build.0 = Debug|ARM
		{4F241F1F-6636-47A9-AEB2-5B5157961B51}.Debug|x64.ActiveCfg = Debug|Win32
		{4F241F1F-6636-47A9-AEB2-5B5157961B51}.Debug|x86.ActiveCfg = Debug|Win32
		{4F241F1F-6636-47A9-AEB2-5B5157961B51}.Debug|x86.Build.0 = Debug|Win32
		{4F241F1F-6636-47A9-AEB2-5B5157961B51}.Release|ARM.ActiveCfg = Release|ARM
		{4F241F1F-6636-47A9-AEB2-5B5157961B51}.Release|ARM.Build.0 = Release|ARM
		{4F241F1F-6636-47A9-AEB2-5B5157961B51}.Release|x64.ActiveCfg = Release|Win32
		{4F241F1F-6636-47A9-AEB2-5B5157961B51}.Release|x86.ActiveCfg = Release|Win32
		{4F241F1F-6636-47A9-AEB2-5B5157961B51}.Release|x86.Build.0 = Release|Win32
		{C396C32A-1A8D-4711-A3DB-206F188FC738}.Debug|ARM.ActiveCfg = Debug|ARM
		{C396C32A-1A8D-4711-A3DB-206F188FC738}.Debug|ARM.Build.0 = Debug|ARM
		{C396C32A-1A8D-4711-A3DB-206F188FC738}.Debug|x64.ActiveCfg = Debug|Win32
		{C396C32A-1A8D-4711-A3DB-206F188FC738}.Debug|x86.ActiveCfg = Debug|Win32
		{C396C32A-1A8D-4711-A3DB-206F188FC738}.Debug|x86.Build.0 = Debug|Win32
		{C396C32A-1A8D-4711-A3DB-206F188FC738}.Release|ARM.ActiveCfg = Release|ARM
		{C396C32A-1A8D-4711-A3DB-206F188FC738}.Release|ARM.Build.0 = Release|ARM
		{C396C32A-1A8D-4711-A3DB-206F188FC738}.Release|x64.ActiveCfg = Release|Win32
		{C396C32A-1A8D-4711-A3DB-206F188FC738}.Release|x86.ActiveCfg = Release|Win32
		{C396C32A-1A8D-4711-A3DB-206F188FC738}.Release|x86.Build.0 = Release|Win32
		{9DC4D90A-0D6D-4150-9049-1F4358B59E06}.Debug|ARM.ActiveCfg = Debug|ARM
		{9DC4D90A-0D6D-4150-9049-1F4358B59E06}.Debug|ARM.Build.0 = Debug|ARM
		{9DC4D90A-0D6D-4150-9049-1F4358B59E06}.Debug|x64.ActiveCfg = Debug|Win32
		{9DC4D90A-0D6D-4150-9049-1F4358B59E06}.Debug|x86.ActiveCfg = Debug|Win32
		{9DC4D90A-0D6D-4150-9049-1F4358B59E06}.Debug|x86.Build.0 = Debug|Win32
		{9DC4D90A-0D6D-4150-9049-1F4358B59E06}.Release|ARM.ActiveCfg = Release|ARM
		{9DC4D90A-0D6D-4150-9049-1F4358B59E06}.Release|ARM.Build.0 = Release|ARM
		{9DC4D90A-0D6D-4150-9049-1F4358B59E06}.Release|x64.ActiveCfg = Release|Win32
		{9DC4D90A-0D6D-4150-9049-1F4358B59E06}.Release|x86.ActiveCfg = Release|Win32
		{9DC4D90A-0D6D-4150-9049-1F4358B59E06}.Release|x86.Build.0 = Release|Win32
		{1444BB95-670B-4878-851B-7ED8DA0629A3}.Debug|ARM.ActiveCfg = Debug|ARM
		{1444BB95-670B-4878-851B-7ED8DA0629A3}.Debug|ARM.Build.0 = Debug|ARM
		{1444BB95-670B-4878-851B-7ED8DA0629A3}.Debug|x64.ActiveCfg = Debug|Win32
		{1444BB95-670B-4878-851B-7ED8DA0629A3}.Debug|x86.ActiveCfg = Debug|Win32
		{1444BB95-670B-4878-851B-7ED8DA0629A3}.Debug|x86.Build.0 = Debug|Win32
		{1444BB95-670B-4878-851B-7ED8DA0629A3}.Release|ARM.ActiveCfg = Release|ARM
		{1444BB95-670B-4878-851B-7ED8DA0629A3}.Release|ARM.Build.0 = Release|ARM
		{1444BB95-670B-4878-851B-7ED8DA0629A3}.Release|x64.ActiveCfg = Release|Win32
		{1444BB95-670B-4878-851B-7ED8DA0629A3}.Release|x86.ActiveCfg = Release|Win32
		{1444BB95-670B-4878-851B-7ED8DA0629A3}.Release|x86.Build.0 = Release|Win32
		{183B6F21-DD86-49A1-BA70-C97D7C404469}.Debug|ARM.ActiveCfg = Debug|ARM
		{183B6F21-DD86-49A1-BA70-C97D7C404469}.Debug|ARM.Build.0 = Debug|ARM
		{183B6F21-DD86-49A1-BA70-C97D7C404469}.Debug|x64.ActiveCfg = Debug|Win32
		{183B6F21-DD86-49A1-BA70-C97D7C404469}.Debug|x86.ActiveCfg = Debug|Win32
		{183B6F21-DD86-49A1-BA70-C97D7C404469}.Debug|x86.Build.0 = Debug|Win32
		{183B6F21-DD86-49A1-BA70-C97D7C404469}.Release|ARM.ActiveCfg = Release|ARM
		{183B6F21-DD86-49A1-BA70-C97D7C404469}.Release|ARM.Build.0 = Release|ARM
		{183B6F21-DD86-49A1-BA70-C97D7C404469}.Release|x64.ActiveCfg = Release|Win32
		{183B6F21-DD86-49A1-BA70-C97D7C404469}.Release|x86.ActiveCfg = Release|Win32
		{183B6F21-DD86-49A1-BA70-C97D7C404469}.Release|x86.Build.0 = Release|Win32
		{0CCC2E56-E3A4-4CD7-92BA-0C6F99440753}.Debug|ARM.ActiveCfg = Debug|ARM
		{0CCC2E56-E3A4-4CD7-92BA-0C6F99440753}.Debug|ARM.Build.0 = Debug|ARM
		{0CCC2E56-E3A4-4CD7-92BA-0C6F99440753}.Debug|x64.ActiveCfg = Debug|Win32
		{0CCC2E56-E3A4-4CD7-92BA-0C6F99440753}.Debug|x86.ActiveCfg = Debug|Win32
		{0CCC2E56-E3A4-4CD7-92BA-0C6F99440753}.Debug|x86.Build.0 = Debug|Win32
		{0CCC2E56-E3A4-4CD7-92BA-0C6F99440753}.Release|ARM.ActiveCfg = Release|ARM
		{0CCC2E56-E3A4-4CD7-92BA-0C6F99440753}.Release|ARM.Build.0 = Release|ARM
		{0CCC2E56-E3A4-4CD7-92BA-0C6F99440753}.Release|x64.ActiveCfg = Release|Win32
		{0CCC2E56-E3A4-4CD7-92BA-0C6F99440753}.Release|x86.ActiveCfg = Release|Win32
		{0CCC2E56-E3A4-4CD7-92BA-0C6F99440753}.Release|x86.Build.0 = Release|Win32
		{C943DBC9-4EB0-4684-BE3E-334342A7EE2C}.Debug|ARM.ActiveCfg = Debug|ARM
		{C943DBC9-4EB0-4684-BE3E-334342A7EE2C}.Debug|ARM.Build.0 = Debug|ARM
		{C943DBC9-4EB0-4684-BE3E-334342A7EE2C}.Debug|x64.ActiveCfg = Debug|Win32
		{C943DBC9-4EB0-4684-BE3E-334342A7EE2C}.Debug|x86.ActiveCfg = Debug|Win32
		{C943DBC9-4EB0-4684-BE3E-334342A7EE2C}.Debug|x86.Build.0 = Debug|Win32
		{C943DBC9-4EB0-4684-BE3E-334342A7EE2C}.Release|ARM.ActiveCfg = Release|ARM
		{C943DBC9-4EB0-4684-BE3E-334342A7EE2C}.Release|ARM.Build.0 = Release|ARM
		{C943DBC9-4EB0-4684-BE3E-334342A7EE2C}.Release|x64.ActiveCfg = Release|Win32
		{C943DBC9-4EB0-4684-BE3E-334342A7EE2C}.Release|x86.ActiveCfg = Release|Win32
		{C943DBC9-4EB0-4684-BE3E-334342A7EE2C}.Release|x86.Build.0 = Release|Win32
		{203EFCC5-CE11-4A75-92F4-C3DBF7609376}.Debug|ARM.ActiveCfg = Debug|ARM
		{203EFCC5-CE11-4A75-92F4-C3DBF7609376}.Debug|ARM.Build.0 = Debug|ARM
		{203EFCC5-CE11-4A75-92F4-C3DBF7609376}.Debug|x64.ActiveCfg = Debug|Win32
		{203EFCC5-CE11-4A75-92F4-C3DBF7609376}.Debug|x86.ActiveCfg = Debug|Win32
		{203EFCC5-CE11-4A75-92F4-C3DBF7609376}.Debug|x86.Build.0 = Debug|Win32
		{203EFCC5-CE11-4A75-92F4-C3DBF7609376}.Release|ARM.ActiveCfg = Release|ARM
		{203EFCC5-CE11-4A75-92F4-C3DBF7609376}.Release|ARM.Build.0 = Release|ARM
		{203EFCC5-CE11-4A75-92F4-C3DBF7609376}.Release|x64.ActiveCfg = Release|Win32
		{203EFCC5-CE11-4A75-92F4-C3DBF7609376}.Release|x86.ActiveCfg = Release|Win32
		{203EFCC5-CE11-4A75-92F4-C3DBF7609376}.Release|x86.Build.0 = Release|Win32
		{FB75C3D3-D261-4575-9D17-9E88E09568BA}.Debug|ARM.ActiveCfg = Debug|ARM
		{FB75C3D3-D261-4575-9D17-9E88E09568BA}.Debug|ARM.Build.0 = Debug|ARM
		{FB75C3D3-D261-4575-9D17-9E88E09568BA}.Debug|x64.ActiveCfg = Debug|Win32
		{FB75C3D3-D261-4575-9D17-9E88E09568BA}.Debug|x86.ActiveCfg = Debug|Win32
		{FB75C3D3-D261-4575-9D17-9E88E09568BA}.Debug|x86.Build.0 = Debug|Win32
		{FB75C3D3-D261-4575-9D17-9E88E09568BA}.Release|ARM.ActiveCfg = Release|ARM
		{FB75C3D3-D261-4575-9D17-9E88E09568BA}.Release|ARM.Build.0 = Release|ARM
		{FB75C3D3-D261-4575-9D17-9E88E09568BA}.Release|x64.ActiveCfg = Release|Win32
		{FB75C3D3-D261-4575-9D17-9E88E09568BA}.Release|x86.ActiveCfg = Release|Win32
		{FB75C3D3-D261-4575-9D17-9E88E09568BA}.Release|x86.Build.0 = Release|Win32
		{7B62BBD5-2F9D-428F-A1EE-857E485592F7}.Debug|ARM.ActiveCfg = Debug|ARM
		{7B62BBD5-2F9D-428F-A1EE-857E485592F7}.Debug|ARM.Build.0 = Debug|ARM
		{7B62BBD5-2F9D-428F-A1EE-857E485592F7}.Debug|x64.ActiveCfg = Debug|Win32
		{7B62BBD5-2F9D-428F-A1EE-857E485592F7}.Debug|x86.ActiveCfg = Debug|Win32
		{7B62BBD5-2F9D-428F-A1EE-857E485592F7}.Debug|x86.Build.0 = Debug|Win32
		{7B62BBD5-2F9D-428F-A1EE-857E485592F7}.Release|ARM.ActiveCfg = Release|ARM
		{7B62BBD5-2F9D-428F-A1EE-857E485592F7}.Release|ARM.Build.0 = Release|ARM
		{7B62BBD5-2F9D-428F-A1EE-857E485592F7}.Release|x64.ActiveCfg = Release|Win32
		{7B62BBD5-2F9D-428F-A1EE-857E485592F7}.Release|x86.ActiveCfg = Release|Win32
		{7B62BBD5-2F9D-428F-A1EE-857E485592F7}.Release|x86.Build.0 = Release|Win32
		{7EC61741-D45B-4A6E-ABA2-525E3A3F3A76}.Debug|ARM.ActiveCfg = Debug|ARM
		{7EC61741-D45B-4A6E-ABA2-525E3A3F3A76}.Debug|ARM.Build.0 = Debug|ARM
		{7EC61741-D45B-4A6E-ABA2-525E3A3F3A76}.Debug|x64.ActiveCfg = Debug|Win32
		{7EC61741-D45B-4A6E-ABA2-525E3A3F3A76}.Debug|x86.ActiveCfg = Debug|Win32
		{7EC61741-D45B-4A6E-ABA2-525E3A3F3A76}.Debug|x86.Build.0 = Debug|Win32
		{7EC61741-D45B-4A6E-ABA2-525E3A3F3A76}.Release|ARM.ActiveCfg = Release|ARM
		{7EC61741-D45B-4A6E-ABA2-525E3A3F3A76}.Release|ARM.Build.0 = Release|ARM
		{7EC61741-D45B-4A6E-ABA2-525E3A3F3A76}.Release|x64.ActiveCfg = Release|Win32
		{7EC61741-D45B-4A6E-ABA2-525E3A3F3A76}.Release|x86.ActiveCfg = Release|Win32
		{7EC61741-D45B-4A6E-ABA2-525E3A3F3A76}.Release|x86.Build.0 = Release|Win32
		{2DE7D1E0-7587-4745-91B1-49B4E8E452C6}.Debug|ARM.ActiveCfg = Debug|ARM
		{2DE7D1E0-7587-4745-91B1-49B4E8E452C6}.Debug|ARM.Build.0 = Debug|ARM
		{2DE7D1E0-7587-4745-91B1-49B4E8E452C6}.Debug|x64.ActiveCfg = Debug|x64
		{2DE7D1E0-7587-4745-91B1-49B4E8E452C6}.Debug|x64.Build.0 = Debug|x64
		{2DE7D1E0-7587-4745-91B1-49B4E8E452C6}.Debug|x86.ActiveCfg = Debug|Win32
		{2DE7D1E0-7587-4745-91B1-49B4E8E452C6}.Debug|x86.Build.0 = Debug|Win32
		{2DE7D1E0-7587-4745-91B1-49B4E8E452C6}.Release|ARM.ActiveCfg = Release|ARM
		{2DE7D1E0-7587-4745-91B1-49B4E8E452C6}.Release|ARM.Build.0 = Release|ARM
		{2DE7D1E0-7587-4745-91B1-49B4E8E452C6}.Release|x64.ActiveCfg = Release|x64
		{2DE7D1E0-7587-4745-91B1-49B4E8E452C6}.Release|x64.Build.0 = Release|x64
		{2DE7D1E0-7587-4745-91B1-49B4E8E452C6}.Release|x86.ActiveCfg = Release|Win32
		{2DE7D1E0-7587-4745-91B1-49B4E8E452C6}.Release|x86.Build.0 = Release|Win32
		{602FEB03-5606-48F3-ABEB-80BE55BB0AF3}.Debug|ARM.ActiveCfg = Debug|ARM
		{602FEB03-5606-48F3-ABEB-80BE55BB0AF3}.Debug|ARM.Build.0 = Debug|ARM
		{602FEB03-5606-48F3-ABEB-80BE55BB0AF3}.Debug|x64.ActiveCfg = Debug|Win32
		{602FEB03-5606-48F3-ABEB-80BE55BB0AF3}.Debug|x86.ActiveCfg = Debug|Win32
		{602FEB03-5606-48F3-ABEB-80BE55BB0AF3}.Debug|x86.Build.0 = Debug|Win32
		{602FEB03-5606-48F3-ABEB-80BE55BB0AF3}.Release|ARM.ActiveCfg = Release|ARM
		{602FEB03-5606-48F3-ABEB-80BE55BB0AF3}.Release|ARM.Build.0 = Release|ARM
		{602FEB03-5606-48F3-ABEB-80BE55BB0AF3}.Release|x64.ActiveCfg = Release|Win32
		{602FEB03-5606-48F3-ABEB-80BE55BB0AF3}.Release|x86.ActiveCfg = Release|Win32
		{602FEB03-5606-48F3-ABEB-80BE55BB0AF3}.Release|x86.Build.0 = Release|Win32
		{48FADC0E-964D-4DAB-BCED-372E0AD19577}.Debug|ARM.ActiveCfg = Debug|ARM
		{48FADC0E-964D-4DAB-BCED-372E0AD19577}.Debug|ARM.Build.0 = Debug|ARM
		{48FADC0E-964D-4DAB-BCED-372E0AD19577}.Debug|x64.ActiveCfg = Debug|Win32
		{48FADC0E-964D-4DAB-BCED-372E0AD19577}.Debug|x86.ActiveCfg = Debug|Win32
		{48FADC0E-964D-4DAB-BCED-372E0AD19577}.Debug|x86.Build.0 = Debug|Win32
		{48FADC0E-964D-4DAB-BCED-372E0AD19577}.Release|ARM.ActiveCfg = Release|ARM
		{48FADC0E-964D-4DAB-BCED-372E0AD19577}.Release|ARM.Build.0 = Release|ARM
		{48FADC0E-964D-4DAB-BCED-372E0AD19577}.Release|x64.ActiveCfg = Release|Win32
		{48FADC0E-964D-4DAB-BCED-372E0AD19577}.Release|x86.ActiveCfg = Release|Win32
		{48FADC0E-964D-4DAB-BCED-372E0AD19577}.Release|x86.Build.0 = Release|Win32
		{C8DF6173-06A1-4F56-A9BC-2002596B30E9}.Debug|ARM.ActiveCfg = Debug|ARM
		{C8DF6173-06A1-4F56-A9BC-2002596B30E9}.Debug|ARM.Build.0 = Debug|ARM
		{C8DF6173-06A1-4F56-A9BC-2002596B30E9}.Debug|x64.ActiveCfg = Debug|x64
		{C8DF6173-06A1-4F56-A9BC-2002596B30E9}.Debug|x64.Build.0 = Debug|x64
		{C8DF6173-06A1-4F56-A9BC-2002596B30E9}.Debug|x86.ActiveCfg = Debug|Win32
		{C8DF6173-06A1-4F56-A9BC-2002596B30E9}.Debug|x86.Build.0 = Debug|Win32
		{C8DF6173-06A1-4F56-A9BC-2002596B30E9}.Release|ARM.ActiveCfg = Release|ARM
		{C8DF6173-06A1-4F56-A9BC-2002596B30E9}.Release|ARM.Build.0 = Release|ARM
		{C8DF6173-06A1-4F56-A9BC-2002596B30E9}.Release|x64.ActiveCfg = Release|x64
		{C8DF6173-06A1-4F56-A9BC-2002596B30E9}.Release|x64.Build.0 = Release|x64
		{C8DF6173-06A1-4F56-A9BC-2002596B30E9}.Release|x86.ActiveCfg = Release|Win32
		{C8DF6173-06A1-4F56-A9BC-2002596B30E9}.Release|x86.Build.0 = Release|Win32
		{16687686-C254-435A-8D45-7532B0F8DAF2}.Debug|ARM.ActiveCfg = Debug|ARM
		{16687686-C254-435A-8D45-7532B0F8DAF2}.Debug|ARM.Build.0 = Debug|ARM
		{16687686-C254-435A-8D45-7532B0F8DAF2}.Debug|x64.ActiveCfg = Debug|x64
		{16687686-C254-435A-8D45-7532B0F8DAF2}.Debug|x64.Build.0 = Debug|x64
		{16687686-C254-435A-8D45-7532B0F8DAF2}.Debug|x86.ActiveCfg = Debug|Win32
		{16687686-C254-435A-8D45-7532B0F8DAF2}.Debug|x86.Build.0 = Debug|Win32
		{16687686-C254-435A-8D45-7532B0F8DAF2}.Release|ARM.ActiveCfg = Release|ARM
		{16687686-C254-435A-8D45-7532B0F8DAF2}.Release|ARM.Build.0 = Release|ARM
		{16687686-C254-435A-8D45-7532B0F8DAF2}.Release|x64.ActiveCfg = Release|x64
		{16687686-C254-435A-8D45-7532B0F8DAF2}.Release|x64.Build.0 = Release|x64
		{16687686-C254-435A-8D45-7532B0F8DAF2}.Release|x86.ActiveCfg = Release|Win32
		{16687686-C254-435A-8D45-7532B0F8DAF2}.Release|x86.Build.0 = Release|Win32
		{4013BDAF-567E-45D6-A10A-DA7CBADB5C88}.Debug|ARM.ActiveCfg = Debug|ARM
		{4013BDAF-567E-45D6-A10A-DA7CBADB5C88}.Debug|ARM.Build.0 = Debug|ARM
		{4013BDAF-567E-45D6-A10A-DA7CBADB5C88}.Debug|x64.ActiveCfg = Debug|Win32
		{4013BDAF-567E-45D6-A10A-DA7CBADB5C88}.Debug|x86.ActiveCfg = Debug|Win32
		{4013BDAF-567E-45D6-A10A-DA7CBADB5C88}.Debug|x86.Build.0 = Debug|Win32
		{4013BDAF-567E-45D6-A10A-DA7CBADB5C88}.Release|ARM.ActiveCfg = Release|ARM
		{4013BDAF-567E-45D6-A10A-DA7CBADB5C88}.Release|ARM.Build.0 = Release|ARM
		{4013BDAF-567E-45D6-A10A-DA7CBADB5C88}.Release|x64.ActiveCfg = Release|Win32
		{4013BDAF-567E-45D6-A10A-DA7CBADB5C88}.Release|x86.ActiveCfg = Release|Win32
		{4013BDAF-567E-45D6-A10A-DA7CBADB5C88}.Release|x86.Build.0 = Release|Win32
		{FFF7BD09-8E88-4D5C-AD5C-73F3623FE09F}.Debug|ARM.ActiveCfg = Debug|ARM
		{FFF7BD09-8E88-4D5C-AD5C-73F3623FE09F}.Debug|ARM.Build.0 = Debug|ARM
		{FFF7BD09-8E88-4D5C-AD5C-73F3623FE09F}.Debug|x64.ActiveCfg = Debug|x64
		{FFF7BD09-8E88-4D5C-AD5C-73F3623FE09F}.Debug|x64.Build.0 = Debug|x64
		{FFF7BD09-8E88-4D5C-AD5C-73F3623FE09F}.Debug|x86.ActiveCfg = Debug|Win32
		{FFF7BD09-8E88-4D5C-AD5C-73F3623FE09F}.Debug|x86.Build.0 = Debug|Win32
		{FFF7BD09-8E88-4D5C-AD5C-73F3623FE09F}.Release|ARM.ActiveCfg = Release|ARM
		{FFF7BD09-8E88-4D5C-AD5C-73F3623FE09F}.Release|ARM.Build.0 = Release|ARM
		{FFF7BD09-8E88-4D5C-AD5C-73F3623FE09F}.Release|x64.ActiveCfg = Release|x64
		{FFF7BD09-8E88-4D5C-AD5C-73F3623FE09F}.Release|x64.Build.0 = Release|x64
		{FFF7BD09-8E88-4D5C-AD5C-73F3623FE09F}.Release|x86.ActiveCfg = Release|Win32
		{FFF7BD09-8E88-4D5C-AD5C-73F3623FE09F}.Release|x86.Build.0 = Release|Win32
		{E0643C83-C208-4EB1-8149-0DC0370030A0}.Debug|ARM.ActiveCfg = Debug|ARM
		{E0643C83-C208-4EB1-8149-0DC0370030A0}.Debug|ARM.Build.0 = Debug|ARM
		{E0643C83-C208-4EB1-8149-0DC0370030A0}.Debug|x64.ActiveCfg = Debug|Win32
		{E0643C83-C208-4EB1-8149-0DC0370030A0}.Debug|x86.ActiveCfg = Debug|Win32
		{E0643C83-C208-4EB1-8149-0DC0370030A0}.Debug|x86.Build.0 = Debug|Win32
		{E0643C83-C208-4EB1-8149-0DC0370030A0}.Release|ARM.ActiveCfg = Release|ARM
		{E0643C83-C208-4EB1-8149-0DC0370030A0}.Release|ARM.Build.0 = Release|ARM
		{E0643C83-C208-4EB1-8149-0DC0370030A0}.Release|x64.ActiveCfg = Release|Win32
		{E0643C83-C208-4EB1-8149-0DC0370030A0}.Release|x86.ActiveCfg = Release|Win32
		{E0643C83-C208-4EB1-8149-0DC0370030A0}.Release|x86.Build.0 = Release|Win32
		{2E9C23D4-AEE1-46E3-925C-3B3C511A76AD}.Debug|ARM.ActiveCfg = Debug|ARM
		{2E9C23D4-AEE1-46E3-925C-3B3C511A76AD}.Debug|ARM.Build.0 = Debug|ARM
		{2E9C23D4-AEE1-46E3-925C-3B3C511A76AD}.Debug|x64.ActiveCfg = Debug|x64
		{2E9C23D4-AEE1-46E3-925C-3B3C511A76AD}.Debug|x64.Build.0 = Debug|x64
		{2E9C23D4-AEE1-46E3-925C-3B3C511A76AD}.Debug|x86.ActiveCfg = Debug|Win32
		{2E9C23D4-AEE1-46E3-925C-3B3C511A76AD}.Debug|x86.Build.0 = Debug|Win32
		{2E9C23D4-AEE1-46E3-925C-3B3C511A76AD}.Release|ARM.ActiveCfg = Release|ARM
		{2E9C23D4-AEE1-46E3-925C-3B3C511A76AD}.Release|ARM.Build.0 = Release|ARM
		{2E9C23D4-AEE1-46E3-925C-3B3C511A76AD}.Release|x64.ActiveCfg = Release|x64
		{2E9C23D4-AEE1-46E3-925C-3B3C511A76AD}.Release|x64.Build.0 = Release|x64
		{2E9C23D4-AEE1-46E3-925C-3B3C511A76AD}.Release|x86.ActiveCfg = Release|Win32
		{2E9C23D4-AEE1-46E3-925C-3B3C511A76AD}.Release|x86.Build.0 = Release|Win32
		{F7C3A9EB-F67D-4BD2-B4DF-0E380A8A9F12}.Debug|ARM.ActiveCfg = Debug|ARM
		{F7C3A9EB-F67D-4BD2-B4DF-0E380A8A9F12}.Debug|ARM.Build.0 = Debug|ARM
		{F7C3A9EB-F67D-4BD2-B4DF-0E380A8A9F12}.Debug|x64.ActiveCfg = Debug|Win32
		{F7C3A9EB-F67D-4BD2-B4DF-0E380A8A9F12}.Debug|x86.ActiveCfg = Debug|Win32
		{F7C3A9EB-F67D-4BD2-B4DF-0E380A8A9F12}.Debug|x86.Build.0 = Debug|Win32
		{F7C3A9EB-F67D-4BD2-B4DF-0E380A8A9F12}.Release|ARM.ActiveCfg = Release|ARM
		{F7C3A9EB-F67D-4BD2-B4DF-0E380A8A9F12}.Release|ARM.Build.0 = Release|ARM
		{F7C3A9EB-F67D-4BD2-B4DF-0E380A8A9F12}.Release|x64.ActiveCfg = Release|Win32
		{F7C3A9EB-F67D-4BD2-B4DF-0E380A8A9F12}.Release|x86.ActiveCfg = Release|Win32
		{F7C3A9EB-F67D-4BD2-B4DF-0E380A8A9F12}.Release|x86.Build.0 = Release|Win32
		{30F91969-6243-4888-95C1-C28C87E5CB30}.Debug|ARM.ActiveCfg = Debug|ARM
		{30F91969-6243-4888-95C1-C28C87E5CB30}.Debug|ARM.Build.0 = Debug|ARM
		{30F91969-6243-4888-95C1-C28C87E5CB30}.Debug|x64.ActiveCfg = Debug|x64
		{30F91969-6243-4888-95C1-C28C87E5CB30}.Debug|x64.Build.0 = Debug|x64
		{30F91969-6243-4888-95C1-C28C87E5CB30}.Debug|x86.ActiveCfg = Debug|Win32
		{30F91969-6243-4888-95C1-C28C87E5CB30}.Debug|x86.Build.0 = Debug|Win32
		{30F91969-6243-4888-95C1-C28C87E5CB30}.Release|ARM.ActiveCfg = Release|ARM
		{30F91969-6243-4888-95C1-C28C87E5CB30}.Release|ARM.Build.0 = Release|ARM
		{30F91969-6243-4888-95C1-C28C87E5CB30}.Release|x64.ActiveCfg = Release|x64
		{30F91969-6243-4888-95C1-C28C87E5CB30}.Release|x64.Build.0 = Release|x64
		{30F91969-6243-4888-95C1-C28C87E5CB30}.Release|x86.ActiveCfg = Release|Win32
		{30F91969-6243-4888-95C1-C28C87E5CB30}.Release|x86.Build.0 = Release|Win32
		{582A91F2-296F-4F77-BCED-8D5CDAEA36C8}.Debug|ARM.ActiveCfg = Debug|ARM
		{582A91F2-296F-4F77-BCED-8D5CDAEA36C8}.Debug|ARM.Build.0 = Debug|ARM
		{582A91F2-296F-4F77-BCED-8D5CDAEA36C8}.Debug|x64.ActiveCfg = Debug|Win32
		{582A91F2-296F-4F77-BCED-8D5CDAEA36C8}.Debug|x86.ActiveCfg = Debug|Win32
		{582A91F2-296F-4F77-BCED-8D5CDAEA36C8}.Debug|x86.Build.0 = Debug|Win32
		{582A91F2-296F-4F77-BCED-8D5CDAEA36C8}.Release|ARM.ActiveCfg = Release|ARM
		{582A91F2-296F-4F77-BCED-8D5CDAEA36C8}.Release|ARM.Build.0 = Release|ARM
		{582A91F2-296F-4F77-BCED-8D5CDAEA36C8}.Release|x64.ActiveCfg = Release|Win32
		{582A91F2-296F-4F77-BCED-8D5CDAEA36C8}.Release|x86.ActiveCfg = Release|Win32
		{582A91F2-296F-4F77-BCED-8D5CDAEA36C8}.Release|x86.Build.0 = Release|Win32
		{BC624AC1-1F14-49DE-83EE-C2EBB28BBCF8}.Debug|ARM.ActiveCfg = Debug|ARM
		{BC624AC1-1F14-49DE-83EE-C2EBB28BBCF8}.Debug|ARM.Build.0 = Debug|ARM
		{BC624AC1-1F14-49DE-83EE-C2EBB28BBCF8}.Debug|x64.ActiveCfg = Debug|x64
		{BC624AC1-1F14-49DE-83EE-C2EBB28BBCF8}.Debug|x64.Build.0 = Debug|x64
		{BC624AC1-1F14-49DE-83EE-C2EBB28BBCF8}.Debug|x86.ActiveCfg = Debug|Win32
		{BC624AC1-1F14-49DE-83EE-C2EBB28BBCF8}.Debug|x86.Build.0 = Debug|Win32
		{BC624AC1-1F14-49DE-83EE-C2EBB28BBCF8}.Release|ARM.ActiveCfg = Release|ARM
		{BC624AC1-1F14-49DE-83EE-C2EBB28BBCF8}.Release|ARM.Build.0 = Release|ARM
		{BC624AC1-1F14-49DE-83EE-C2EBB28BBCF8}.Release|x64.ActiveCfg = Release|x64
		{BC624AC1-1F14-49DE-83EE-C2EBB28BBCF8}.Release|x64.Build.0 = Release|x64
		{BC624AC1-1F14-49DE-83EE-C2EBB28BBCF8}.Release|x86.ActiveCfg = Release|Win32
		{BC624AC1-1F14-49DE-83EE-C2EBB28BBCF8}.Release|x86.Build.0 = Release|Win32
		{96660D43-1248-448B-9E2B-745DF19FDFE2}.Debug|ARM.ActiveCfg = Debug|ARM
		{96660D43-1248-448B-9E2B-745DF19FDFE2}.Debug|ARM.Build.0 = Debug|ARM
		{96660D43-1248-448B-9E2B-745DF19FDFE2}.Debug|x64.ActiveCfg = Debug|Win32
		{96660D43-1248-448B-9E2B-745DF19FDFE2}.Debug|x86.ActiveCfg = Debug|Win32
		{96660D43-1248-448B-9E2B-745DF19FDFE2}.Debug|x86.Build.0 = Debug|Win32
		{96660D43-1248-448B-9E2B-745DF19FDFE2}.Release|ARM.ActiveCfg = Release|ARM
		{96660D43-1248-448B-9E2B-745DF19FDFE2}.Release|ARM.Build.0 = Release|ARM
		{96660D43-1248-448B-9E2B-745DF19FDFE2}.Release|x64.ActiveCfg = Release|Win32
		{96660D43-1248-448B-9E2B-745DF19FDFE2}.Release|x86.ActiveCfg = Release|Win32
		{96660D43-1248-448B-9E2B-745DF19FDFE2}.Release|x86.Build.0 = Release|Win32
		{648B065F-8C19-48AC-B861-B6D0A76BE9F6}.Debug|ARM.ActiveCfg = Debug|ARM
		{648B065F-8C19-48AC-B861-B6D0A76BE9F6}.Debug|ARM.Build.0 = Debug|ARM
		{648B065F-8C19-48AC-B861-B6D0A76BE9F6}.Debug|x64.ActiveCfg = Debug|x64
		{648B065F-8C19-48AC-B861-B6D0A76BE9F6}.Debug|x64.Build.0 = Debug|x64
		{648B065F-8C19-48AC-B861-B6D0A76BE9F6}.Debug|x86.ActiveCfg = Debug|Win32
		{648B065F-8C19-48AC-B861-B6D0A76BE9F6}.Debug|x86.Build.0 = Debug|Win32
		{648B065F-8C19-48AC-B861-B6D0A76BE9F6}.Release|ARM.ActiveCfg = Release|ARM
		{648B065F-8C19-48AC-B861-B6D0A76BE9F6}.Release|ARM.Build.0 = Release|ARM
		{648B065F-8C19-48AC-B861-B6D0A76BE9F6}.Release|x64.ActiveCfg = Release|x64
		{648B065F-8C19-48AC-B861-B6D0A76BE9F6}.Release|x64.Build.0 = Release|x64
		{648B065F-8C19-48AC-B861-B6D0A76BE9F6}.Release|x86.ActiveCfg = Release|Win32
		{648B065F-8C19-48AC-B861-B6D0A76BE9F6}.Release|x86.Build.0 = Release|Win32
		{CDA595F9-4DB2-4548-BBD3-58902CDB3433}.Debug|ARM.ActiveCfg = Debug|ARM
		{CDA595F9-4DB2-4548-BBD3-58902CDB3433}.Debug|ARM.Build.0 = Debug|ARM
		{CDA595F9-4DB2-4548-BBD3-58902CDB3433}.Debug|x64.ActiveCfg = Debug|Win32
		{CDA595F9-4DB2-4548-BBD3-58902CDB3433}.Debug|x86.ActiveCfg = Debug|Win32
		{CDA595F9-4DB2-4548-BBD3-58902CDB3433}.Debug|x86.Build.0 = Debug|Win32
		{CDA595F9-4DB2-4548-BBD3-58902CDB3433}.Release|ARM.ActiveCfg = Release|ARM
		{CDA595F9-4DB2-4548-BBD3-58902CDB3433}.Release|ARM.Build.0 = Release|ARM
		{CDA595F9-4DB2-4548-BBD3-58902CDB3433}.Release|x64.ActiveCfg = Release|Win32
		{CDA595F9-4DB2-4548-BBD3-58902CDB3433}.Release|x86.ActiveCfg = Release|Win32
		{CDA595F9-4DB2-4548-BBD3-58902CDB3433}.Release|x86.Build.0 = Release|Win32
		{EF85D041-8298-463C-8E69-293ED599CE27}.Debug|ARM.ActiveCfg = Debug|ARM
		{EF85D041-8298-463C-8E69-293ED599CE27}.Debug|ARM.Build.0 = Debug|ARM
		{EF85D041-8298-463C-8E69-293ED599CE27}.Debug|x64.ActiveCfg = Debug|x64
		{EF85D041-8298-463C-8E69-293ED599CE27}.Debug|x64.Build.0 = Debug|x64
		{EF85D041-8298-463C-8E69-293ED599CE27}.Debug|x86.ActiveCfg = Debug|Win32
		{EF85D041-8298-463C-8E69-293ED599CE27}.Debug|x86.Build.0 = Debug|Win32
		{EF85D041-8298-463C-8E69-293ED599CE27}.Release|ARM.ActiveCfg = Release|ARM
		{EF85D041-8298-463C-8E69-293ED599CE27}.Release|ARM.Build.0 = Release|ARM
		{EF85D041-8298-463C-8E69-293ED599CE27}.Release|x64.ActiveCfg = Release|x64
		{EF85D041-8298-463C-8E69-293ED599CE27}.Release|x64.Build.0 = Release|x64
		{EF85D041-8298-463C-8E69-293ED599CE27}.Release|x86.ActiveCfg = Release|Win32
		{EF85D041-8298-463C-8E69-293ED599CE27}.Release|x86.Build.0 = Release|Win32
		{288EDE96-D1F3-4D96-93FC-A7B548A1B921}.Debug|ARM.ActiveCfg = Debug|ARM
		{288EDE96-D1F3-4D96-93FC-A7B548A1B921}.Debug|ARM.Build.0 = Debug|ARM
		{288EDE96-D1F3-4D96-93FC-A7B548A1B921}.Debug|x64.ActiveCfg = Debug|Win32
		{288EDE96-D1F3-4D96-93FC-A7B548A1B921}.Debug|x86.ActiveCfg = Debug|Win32
		{288EDE96-D1F3-4D96-93FC-A7B548A1B921}.Debug|x86.Build.0 = Debug|Win32
		{288EDE96-D1F3-4D96-93FC-A7B548A1B921}.Release|ARM.ActiveCfg = Release|ARM
		{288EDE96-D1F3-4D96-93FC-A7B548A1B921}.Release|ARM.Build.0 = Release|ARM
		{288EDE96-D1F3-4D96-93FC-A7B548A1B921}.Release|x64.ActiveCfg = Release|Win32
		{288EDE96-D1F3-4D96-93FC-A7B548A1B921}.Release|x86.ActiveCfg = Release|Win32
		{288EDE96-D1F3-4D96-93FC-A7B548A1B921}.Release|x86.Build.0 = Release|Win32
	EndGlobalSection
	GlobalSection(SolutionProperties) = preSolution
		HideSolutionNode = FALSE
	EndGlobalSection
	GlobalSection(NestedProjects) = preSolution
		{381FE8CD-787F-4BC6-B313-8453BE79A518} = {2DCC2354-0F1C-43EC-A9EF-99F2CD1D712A}
		{1D9225F7-CE03-40A0-9D44-877A1EB01AB9} = {2DCC2354-0F1C-43EC-A9EF-99F2CD1D712A}
		{36657CBE-4FD2-4728-8D57-CF55DE261C72} = {2DCC2354-0F1C-43EC-A9EF-99F2CD1D712A}
		{7CF3B759-856B-4DC4-A0E5-A7C5564788C5} = {2644A068-4934-4D77-B05D-05AE31B59E9B}
		{762FF28F-4525-4730-8C20-B0EB86390716} = {2644A068-4934-4D77-B05D-05AE31B59E9B}
		{1474D86B-4D9E-458F-9DC3-8B8C7917E2A2} = {2644A068-4934-4D77-B05D-05AE31B59E9B}
		{5A6FDEB1-9776-4A14-8BDD-E919603DB294} = {E1C925D0-E7D1-4A02-A674-2B5F3051331F}
		{4EB10EAD-E26B-4BCC-928B-818888FBF36E} = {E1C925D0-E7D1-4A02-A674-2B5F3051331F}
		{7036DC2E-6FAB-417E-9EBE-8056A11E8BE8} = {E1C925D0-E7D1-4A02-A674-2B5F3051331F}
		{334EAB4B-C600-4A2B-95DD-F2D8BC95E414} = {59B9535D-1BDF-4C22-AF51-C4F6340CF897}
		{51061988-175E-4D93-A2F2-6223E76915DA} = {59B9535D-1BDF-4C22-AF51-C4F6340CF897}
		{8BBD729C-C0AF-46CA-A32D-CE40A58ECFE2} = {59B9535D-1BDF-4C22-AF51-C4F6340CF897}
		{8BC55AE3-7511-4317-86CE-6583310B54CF} = {C48C3BDA-56B2-40AF-AD28-AC92945EFDA7}
		{2DE7D1E0-7587-4745-91B1-49B4E8E452C6} = {C48C3BDA-56B2-40AF-AD28-AC92945EFDA7}
		{602FEB03-5606-48F3-ABEB-80BE55BB0AF3} = {C48C3BDA-56B2-40AF-AD28-AC92945EFDA7}
		{A3CE88C5-E0CD-41F5-80E7-9E597C563FDA} = {4A0F8903-1CB1-490B-9D89-B5B7E91078AF}
		{16687686-C254-435A-8D45-7532B0F8DAF2} = {4A0F8903-1CB1-490B-9D89-B5B7E91078AF}
		{4013BDAF-567E-45D6-A10A-DA7CBADB5C88} = {4A0F8903-1CB1-490B-9D89-B5B7E91078AF}
		{91367529-57E0-4BD1-B1E2-2F98F3EF48DA} = {7E1C7EB9-21CC-414A-8C0F-D11F7104C912}
		{FFF7BD09-8E88-4D5C-AD5C-73F3623FE09F} = {7E1C7EB9-21CC-414A-8C0F-D11F7104C912}
		{E0643C83-C208-4EB1-8149-0DC0370030A0} = {7E1C7EB9-21CC-414A-8C0F-D11F7104C912}
		{2E9C23D4-AEE1-46E3-925C-3B3C511A76AD} = {E44BF721-BD26-4A1E-B084-773122A46739}
		{F7C3A9EB-F67D-4BD2-B4DF-0E380A8A9F12} = {E44BF721-BD26-4A1E-B084-773122A46739}
		{89237B65-CD86-4427-B7E6-0234FAFA30DE} = {E44BF721-BD26-4A1E-B084-773122A46739}
		{30F91969-6243-4888-95C1-C28C87E5CB30} = {AB01F904-D656-4187-8499-BFA616777693}
		{582A91F2-296F-4F77-BCED-8D5CDAEA36C8} = {AB01F904-D656-4187-8499-BFA616777693}
		{C20EB92B-1FCE-49C9-BC57-B14E004DB581} = {AB01F904-D656-4187-8499-BFA616777693}
		{BC624AC1-1F14-49DE-83EE-C2EBB28BBCF8} = {E0E62EE5-03BA-41C8-8DD8-681DA8171361}
		{96660D43-1248-448B-9E2B-745DF19FDFE2} = {E0E62EE5-03BA-41C8-8DD8-681DA8171361}
		{2ED699F1-E3A1-40AC-AE39-CEB9C770F891} = {E0E62EE5-03BA-41C8-8DD8-681DA8171361}
		{648B065F-8C19-48AC-B861-B6D0A76BE9F6} = {6999CDE7-13A8-44ED-B259-320212CC8AE3}
		{CDA595F9-4DB2-4548-BBD3-58902CDB3433} = {6999CDE7-13A8-44ED-B259-320212CC8AE3}
		{7E25537F-9613-46E5-8FE1-C9E62579BD39} = {6999CDE7-13A8-44ED-B259-320212CC8AE3}
		{EF85D041-8298-463C-8E69-293ED599CE27} = {AD414249-DFCB-4C85-B83D-ECBFE0111B97}
		{288EDE96-D1F3-4D96-93FC-A7B548A1B921} = {AD414249-DFCB-4C85-B83D-ECBFE0111B97}
		{4631CD09-E1D8-4432-BAEF-D897BFC5729A} = {AD414249-DFCB-4C85-B83D-ECBFE0111B97}
		{DAFA093D-CF76-4338-A40B-F5282263DDF4} = {AD414249-DFCB-4C85-B83D-ECBFE0111B97}
		{D0185AE0-0CEC-4D1B-8569-90B7BB6CF19A} = {6999CDE7-13A8-44ED-B259-320212CC8AE3}
		{3B455748-8367-435F-92E1-61A2D54E7783} = {E0E62EE5-03BA-41C8-8DD8-681DA8171361}
	EndGlobalSection
EndGlobal
