<?xml version="1.0" encoding="utf-8"?>
<Project ToolsVersion="4.0" xmlns="http://schemas.microsoft.com/developer/msbuild/2003">
  <ItemGroup>
    <ClInclude Include="src\compat.h" />
    <ClInclude Include="src\context.h" />
    <ClInclude Include="src\ec.h" />
    <ClInclude Include="src\options.h" />
    <ClInclude Include="src\ssl.h" />
    <ClInclude Include="src\x509.h" />
    <ClInclude Include="src\luasocket\buffer.h">
      <Filter>luasocket</Filter>
    </ClInclude>
    <ClInclude Include="src\luasocket\io.h">
      <Filter>luasocket</Filter>
    </ClInclude>
    <ClInclude Include="src\luasocket\socket.h">
      <Filter>luasocket</Filter>
    </ClInclude>
    <ClInclude Include="src\luasocket\timeout.h">
      <Filter>luasocket</Filter>
    </ClInclude>
    <ClInclude Include="src\luasocket\wsocket.h">
      <Filter>luasocket</Filter>
    </ClInclude>
  </ItemGroup>
  <ItemGroup>
    <ClCompile Include="src\config.c" />
    <ClCompile Include="src\context.c" />
    <ClCompile Include="src\ec.c" />
    <ClCompile Include="src\ssl.c" />
    <ClCompile Include="src\x509.c" />
    <ClCompile Include="src\luasocket\buffer.c">
      <Filter>luasocket</Filter>
    </ClCompile>
    <ClCompile Include="src\luasocket\io.c">
      <Filter>luasocket</Filter>
    </ClCompile>
    <ClCompile Include="src\luasocket\timeout.c">
      <Filter>luasocket</Filter>
    </ClCompile>
    <ClCompile Include="src\luasocket\wsocket.c">
      <Filter>luasocket</Filter>
    </ClCompile>
  </ItemGroup>
  <ItemGroup>
    <None Include="src\ssl.lua">
      <Filter>lua</Filter>
    </None>
    <None Include="src\https.lua">
      <Filter>lua\https</Filter>
    </None>
    <None Include="src\options.lua">
      <Filter>lua\https</Filter>
    </None>
  </ItemGroup>
  <ItemGroup>
    <Filter Include="lua">
      <UniqueIdentifier>{dc8bf357-2077-4810-acaa-529dc0d7c034}</UniqueIdentifier>
    </Filter>
    <Filter Include="lua\https">
      <UniqueIdentifier>{325108ff-52cc-4bea-b039-e812be61d5f9}</UniqueIdentifier>
    </Filter>
    <Filter Include="luasocket">
      <UniqueIdentifier>{65cb7d68-cda0-4ea1-87a8-321ba9ea3e33}</UniqueIdentifier>
    </Filter>
  </ItemGroup>
</Project>