<?xml version="1.0" encoding="utf-8"?>
<Project ToolsVersion="14.0" xmlns="http://schemas.microsoft.com/developer/msbuild/2003">
  <ItemGroup>
    <Filter Include="luasocket">
      <UniqueIdentifier>{756d33b9-9d22-45f4-ba3c-a764aac968c2}</UniqueIdentifier>
    </Filter>
  </ItemGroup>
  <ItemGroup>
    <ClCompile Include="..\..\..\VisualC\luasec\src\luasocket\buffer.c">
      <Filter>luasocket</Filter>
    </ClCompile>
    <ClCompile Include="..\..\..\VisualC\luasec\src\luasocket\io.c">
      <Filter>luasocket</Filter>
    </ClCompile>
    <ClCompile Include="..\..\..\VisualC\luasec\src\luasocket\timeout.c">
      <Filter>luasocket</Filter>
    </ClCompile>
    <ClCompile Include="..\..\..\VisualC\luasec\src\luasocket\wsocket.c">
      <Filter>luasocket</Filter>
    </ClCompile>
    <ClCompile Include="..\..\..\VisualC\luasec\src\config.c" />
    <ClCompile Include="..\..\..\VisualC\luasec\src\context.c" />
    <ClCompile Include="..\..\..\VisualC\luasec\src\ec.c" />
    <ClCompile Include="..\..\..\VisualC\luasec\src\ssl.c" />
    <ClCompile Include="..\..\..\VisualC\luasec\src\x509.c" />
  </ItemGroup>
  <ItemGroup>
    <ClInclude Include="..\..\..\VisualC\luasec\src\luasocket\buffer.h">
      <Filter>luasocket</Filter>
    </ClInclude>
    <ClInclude Include="..\..\..\VisualC\luasec\src\luasocket\io.h">
      <Filter>luasocket</Filter>
    </ClInclude>
    <ClInclude Include="..\..\..\VisualC\luasec\src\luasocket\socket.h">
      <Filter>luasocket</Filter>
    </ClInclude>
    <ClInclude Include="..\..\..\VisualC\luasec\src\luasocket\timeout.h">
      <Filter>luasocket</Filter>
    </ClInclude>
    <ClInclude Include="..\..\..\VisualC\luasec\src\luasocket\wsocket.h">
      <Filter>luasocket</Filter>
    </ClInclude>
    <ClInclude Include="..\..\..\VisualC\luasec\src\compat.h" />
    <ClInclude Include="..\..\..\VisualC\luasec\src\context.h" />
    <ClInclude Include="..\..\..\VisualC\luasec\src\ec.h" />
    <ClInclude Include="..\..\..\VisualC\luasec\src\options.h" />
    <ClInclude Include="..\..\..\VisualC\luasec\src\ssl.h" />
    <ClInclude Include="..\..\..\VisualC\luasec\src\x509.h" />
  </ItemGroup>
</Project>