<?xml version="1.0" encoding="utf-8"?>
<Project ToolsVersion="4.0" xmlns="http://schemas.microsoft.com/developer/msbuild/2003">
  <ItemGroup>
    <ClCompile Include="$(MSBuildThisFileDirectory)\..\..\..\src\instead\cache.c">
      <Filter>instead</Filter>
    </ClCompile>
    <ClCompile Include="$(MSBuildThisFileDirectory)\..\..\..\src\config.c">
      <Filter>instead</Filter>
    </ClCompile>
    <ClCompile Include="$(MSBuildThisFileDirectory)\..\..\..\src\game.c">
      <Filter>instead</Filter>
    </ClCompile>
    <ClCompile Include="$(MSBuildThisFileDirectory)\..\..\..\src\graphics.c">
      <Filter>instead</Filter>
    </ClCompile>
    <ClCompile Include="$(MSBuildThisFileDirectory)\..\..\..\src\instead\idf.c">
      <Filter>instead</Filter>
    </ClCompile>
    <ClCompile Include="$(MSBuildThisFileDirectory)\..\..\..\src\input.c">
      <Filter>instead</Filter>
    </ClCompile>
    <ClCompile Include="$(MSBuildThisFileDirectory)\..\..\..\src\instead\instead.c">
      <Filter>instead</Filter>
    </ClCompile>
    <ClCompile Include="$(MSBuildThisFileDirectory)\..\..\..\src\instead_bits.c">
      <Filter>instead</Filter>
    </ClCompile>
    <ClCompile Include="$(MSBuildThisFileDirectory)\..\..\..\src\instead_paths.c">
      <Filter>instead</Filter>
    </ClCompile>
    <ClCompile Include="$(MSBuildThisFileDirectory)\..\..\..\src\instead_sprites.c">
      <Filter>instead</Filter>
    </ClCompile>
    <ClCompile Include="$(MSBuildThisFileDirectory)\..\..\..\src\instead_sound.c">
      <Filter>instead</Filter>
    </ClCompile>
    <ClCompile Include="$(MSBuildThisFileDirectory)\..\..\..\src\instead_timer.c">
      <Filter>instead</Filter>
    </ClCompile>
    <ClCompile Include="$(MSBuildThisFileDirectory)\..\..\..\src\ioapi.c">
      <Filter>instead</Filter>
    </ClCompile>
    <ClCompile Include="$(MSBuildThisFileDirectory)\..\..\..\src\iowin32.c">
      <Filter>instead</Filter>
    </ClCompile>
    <ClCompile Include="$(MSBuildThisFileDirectory)\..\..\..\src\instead\lfs.c">
      <Filter>instead</Filter>
    </ClCompile>
    <ClCompile Include="$(MSBuildThisFileDirectory)\..\..\..\src\instead\list.c">
      <Filter>instead</Filter>
    </ClCompile>
    <ClCompile Include="$(MSBuildThisFileDirectory)\..\..\..\src\main.c">
      <Filter>instead</Filter>
    </ClCompile>
    <ClCompile Include="$(MSBuildThisFileDirectory)\..\..\..\src\menu.c">
      <Filter>instead</Filter>
    </ClCompile>
    <ClCompile Include="$(MSBuildThisFileDirectory)\..\..\..\src\noise1234.c">
      <Filter>instead</Filter>
    </ClCompile>
    <ClCompile Include="$(MSBuildThisFileDirectory)\..\..\..\src\SDL_gif.c">
      <Filter>instead</Filter>
    </ClCompile>
    <ClCompile Include="$(MSBuildThisFileDirectory)\..\..\..\src\SDL_gfxBlitFunc.c">
      <Filter>instead</Filter>
    </ClCompile>
    <ClCompile Include="$(MSBuildThisFileDirectory)\..\..\..\src\SDL2_rotozoom.c">
      <Filter>instead</Filter>
    </ClCompile>
    <ClCompile Include="$(MSBuildThisFileDirectory)\..\..\..\src\windows.c">
      <Filter>instead</Filter>
    </ClCompile>
    <ClCompile Include="$(MSBuildThisFileDirectory)\..\..\..\src\utils.c">
      <Filter>instead</Filter>
    </ClCompile>
    <ClCompile Include="$(MSBuildThisFileDirectory)\..\..\..\src\instead\util.c">
      <Filter>instead</Filter>
    </ClCompile>
    <ClCompile Include="$(MSBuildThisFileDirectory)\..\..\..\src\unzip.c">
      <Filter>instead</Filter>
    </ClCompile>
    <ClCompile Include="$(MSBuildThisFileDirectory)\..\..\..\src\unpack.c">
      <Filter>instead</Filter>
    </ClCompile>
    <ClCompile Include="$(MSBuildThisFileDirectory)\..\..\..\src\instead\tinymt32.c">
      <Filter>instead</Filter>
    </ClCompile>
    <ClCompile Include="$(MSBuildThisFileDirectory)\..\..\..\src\themes.c">
      <Filter>instead</Filter>
    </ClCompile>
    <ClCompile Include="$(MSBuildThisFileDirectory)\..\..\..\src\sound.c">
      <Filter>instead</Filter>
    </ClCompile>
    <ClCompile Include="$(MSBuildThisFileDirectory)\..\..\..\src\instead\snprintf.c">
      <Filter>instead</Filter>
    </ClCompile>
    <ClCompile Include="SDL_main.c">
      <Filter>instead</Filter>
    </ClCompile>
  </ItemGroup>
  <ItemGroup>
    <ClInclude Include="$(MSBuildThisFileDirectory)\..\..\..\src\config.h">
      <Filter>instead</Filter>
    </ClInclude>
    <ClInclude Include="$(MSBuildThisFileDirectory)\..\..\..\src\externals.h">
      <Filter>instead</Filter>
    </ClInclude>
    <ClInclude Include="$(MSBuildThisFileDirectory)\..\..\..\src\game.h">
      <Filter>instead</Filter>
    </ClInclude>
    <ClInclude Include="$(MSBuildThisFileDirectory)\..\..\..\src\graphics.h">
      <Filter>instead</Filter>
    </ClInclude>
    <ClInclude Include="$(MSBuildThisFileDirectory)\..\..\..\src\instead\idf.h">
      <Filter>instead</Filter>
    </ClInclude>
    <ClInclude Include="$(MSBuildThisFileDirectory)\..\..\..\src\input.h">
      <Filter>instead</Filter>
    </ClInclude>
    <ClInclude Include="$(MSBuildThisFileDirectory)\..\..\..\src\instead\instead.h">
      <Filter>instead</Filter>
    </ClInclude>
    <ClInclude Include="$(MSBuildThisFileDirectory)\..\..\..\src\internals.h">
      <Filter>instead</Filter>
    </ClInclude>
    <ClInclude Include="$(MSBuildThisFileDirectory)\..\..\..\src\ioapi.h">
      <Filter>instead</Filter>
    </ClInclude>
    <ClInclude Include="$(MSBuildThisFileDirectory)\..\..\..\src\iowin32.h">
      <Filter>instead</Filter>
    </ClInclude>
    <ClInclude Include="$(MSBuildThisFileDirectory)\..\..\..\src\instead\list.h">
      <Filter>instead</Filter>
    </ClInclude>
    <ClInclude Include="$(MSBuildThisFileDirectory)\..\..\..\src\menu.h">
      <Filter>instead</Filter>
    </ClInclude>
    <ClInclude Include="$(MSBuildThisFileDirectory)\..\..\..\src\noise1234.h">
      <Filter>instead</Filter>
    </ClInclude>
    <ClInclude Include="$(MSBuildThisFileDirectory)\..\..\..\src\SDL_gif.h">
      <Filter>instead</Filter>
    </ClInclude>
    <ClInclude Include="$(MSBuildThisFileDirectory)\..\..\..\src\SDL_gfxBlitFunc.h">
      <Filter>instead</Filter>
    </ClInclude>
    <ClInclude Include="$(MSBuildThisFileDirectory)\..\..\..\src\SDL_rotozoom.h">
      <Filter>instead</Filter>
    </ClInclude>
    <ClInclude Include="$(MSBuildThisFileDirectory)\..\..\..\src\SDL2_rotozoom.h">
      <Filter>instead</Filter>
    </ClInclude>
    <ClInclude Include="$(MSBuildThisFileDirectory)\..\..\..\src\instead\cache.h">
      <Filter>instead</Filter>
    </ClInclude>
    <ClInclude Include="$(MSBuildThisFileDirectory)\..\..\..\src\utils.h">
      <Filter>instead</Filter>
    </ClInclude>
    <ClInclude Include="$(MSBuildThisFileDirectory)\..\..\..\src\instead\util.h">
      <Filter>instead</Filter>
    </ClInclude>
    <ClInclude Include="$(MSBuildThisFileDirectory)\..\..\..\src\unzip.h">
      <Filter>instead</Filter>
    </ClInclude>
    <ClInclude Include="$(MSBuildThisFileDirectory)\..\..\..\src\instead\tinymt32.h">
      <Filter>instead</Filter>
    </ClInclude>
    <ClInclude Include="$(MSBuildThisFileDirectory)\..\..\..\src\themes.h">
      <Filter>instead</Filter>
    </ClInclude>
    <ClInclude Include="$(MSBuildThisFileDirectory)\..\..\..\src\instead\system.h">
      <Filter>instead</Filter>
    </ClInclude>
    <ClInclude Include="$(MSBuildThisFileDirectory)\..\..\..\src\sound.h">
      <Filter>instead</Filter>
    </ClInclude>
    <ClInclude Include="$(MSBuildThisFileDirectory)\..\..\..\src\instead\snprintf.h">
      <Filter>instead</Filter>
    </ClInclude>
    <ClInclude Include="resource.h" />
  </ItemGroup>
  <ItemGroup>
    <Filter Include="instead">
      <UniqueIdentifier>{de58e86f-b00a-4ab5-9b95-c15b4b7f2a9a}</UniqueIdentifier>
    </Filter>
  </ItemGroup>
  <ItemGroup>
    <None Include="..\..\..\..\SDL\VisualC\SDLmain\SDLmain.vcxproj" />
  </ItemGroup>
  <ItemGroup>
    <Image Include="icon1.ico" />
  </ItemGroup>
  <ItemGroup>
    <ResourceCompile Include="instead.rc" />
  </ItemGroup>
</Project>