<?xml version="1.0" encoding="utf-8"?>
<Project ToolsVersion="4.0" xmlns="http://schemas.microsoft.com/developer/msbuild/2003">
  <ItemGroup>
    <ClCompile Include="$(MSBuildThisFileDirectory)\..\..\..\src\config.c" />
    <ClCompile Include="$(MSBuildThisFileDirectory)\..\..\..\src\game.c" />
    <ClCompile Include="$(MSBuildThisFileDirectory)\..\..\..\src\graphics.c" />
    <ClCompile Include="$(MSBuildThisFileDirectory)\..\..\..\src\input.c" />
    <ClCompile Include="$(MSBuildThisFileDirectory)\..\..\..\src\instead\cache.c" />
    <ClCompile Include="$(MSBuildThisFileDirectory)\..\..\..\src\instead\idf.c" />
    <ClCompile Include="$(MSBuildThisFileDirectory)\..\..\..\src\instead\instead.c" />
    <ClCompile Include="$(MSBuildThisFileDirectory)\..\..\..\src\instead\lfs.c" />
    <ClCompile Include="$(MSBuildThisFileDirectory)\..\..\..\src\instead\list.c" />
    <ClCompile Include="$(MSBuildThisFileDirectory)\..\..\..\src\instead\snprintf.c" />
    <ClCompile Include="$(MSBuildThisFileDirectory)\..\..\..\src\instead\tinymt32.c" />
    <ClCompile Include="$(MSBuildThisFileDirectory)\..\..\..\src\instead\util.c" />
    <ClCompile Include="$(MSBuildThisFileDirectory)\..\..\..\src\instead_bits.c" />
    <ClCompile Include="$(MSBuildThisFileDirectory)\..\..\..\src\instead_paths.c" />
    <ClCompile Include="$(MSBuildThisFileDirectory)\..\..\..\src\instead_sound.c" />
    <ClCompile Include="$(MSBuildThisFileDirectory)\..\..\..\src\instead_sprites.c" />
    <ClCompile Include="$(MSBuildThisFileDirectory)\..\..\..\src\instead_timer.c" />
    <ClCompile Include="$(MSBuildThisFileDirectory)\..\..\..\src\ioapi.c" />
    <ClCompile Include="$(MSBuildThisFileDirectory)\..\..\..\src\iowin32.c" />
    <ClCompile Include="$(MSBuildThisFileDirectory)\..\..\..\src\main.c" />
    <ClCompile Include="$(MSBuildThisFileDirectory)\..\..\..\src\menu.c" />
    <ClCompile Include="$(MSBuildThisFileDirectory)\..\..\..\src\noise1234.c" />
    <ClCompile Include="$(MSBuildThisFileDirectory)\..\..\..\src\SDL2_rotozoom.c" />
    <ClCompile Include="$(MSBuildThisFileDirectory)\..\..\..\src\SDL_anigif.c" />
    <ClCompile Include="$(MSBuildThisFileDirectory)\..\..\..\src\SDL_gfxBlitFunc.c" />
    <ClCompile Include="$(MSBuildThisFileDirectory)\..\..\..\src\sound.c" />
    <ClCompile Include="$(MSBuildThisFileDirectory)\..\..\..\src\themes.c" />
    <ClCompile Include="$(MSBuildThisFileDirectory)\..\..\..\src\unpack.c" />
    <ClCompile Include="$(MSBuildThisFileDirectory)\..\..\..\src\unzip.c" />
    <ClCompile Include="$(MSBuildThisFileDirectory)\..\..\..\src\utils.c" />
    <ClCompile Include="$(MSBuildThisFileDirectory)\..\..\..\src\windows.c" />
    <ClCompile Include="sdl_main.c">
      <Filter>sdl</Filter>
    </ClCompile>
  </ItemGroup>
  <ItemGroup>
    <ClInclude Include="$(MSBuildThisFileDirectory)\..\..\..\src\config.h" />
    <ClInclude Include="$(MSBuildThisFileDirectory)\..\..\..\src\externals.h" />
    <ClInclude Include="$(MSBuildThisFileDirectory)\..\..\..\src\game.h" />
    <ClInclude Include="$(MSBuildThisFileDirectory)\..\..\..\src\graphics.h" />
    <ClInclude Include="$(MSBuildThisFileDirectory)\..\..\..\src\input.h" />
    <ClInclude Include="$(MSBuildThisFileDirectory)\..\..\..\src\instead\cache.h" />
    <ClInclude Include="$(MSBuildThisFileDirectory)\..\..\..\src\instead\idf.h" />
    <ClInclude Include="$(MSBuildThisFileDirectory)\..\..\..\src\instead\instead.h" />
    <ClInclude Include="$(MSBuildThisFileDirectory)\..\..\..\src\instead\list.h" />
    <ClInclude Include="$(MSBuildThisFileDirectory)\..\..\..\src\instead\snprintf.h" />
    <ClInclude Include="$(MSBuildThisFileDirectory)\..\..\..\src\instead\system.h" />
    <ClInclude Include="$(MSBuildThisFileDirectory)\..\..\..\src\instead\tinymt32.h" />
    <ClInclude Include="$(MSBuildThisFileDirectory)\..\..\..\src\instead\util.h" />
    <ClInclude Include="$(MSBuildThisFileDirectory)\..\..\..\src\internals.h" />
    <ClInclude Include="$(MSBuildThisFileDirectory)\..\..\..\src\ioapi.h" />
    <ClInclude Include="$(MSBuildThisFileDirectory)\..\..\..\src\iowin32.h" />
    <ClInclude Include="$(MSBuildThisFileDirectory)\..\..\..\src\menu.h" />
    <ClInclude Include="$(MSBuildThisFileDirectory)\..\..\..\src\noise1234.h" />
    <ClInclude Include="$(MSBuildThisFileDirectory)\..\..\..\src\SDL2_rotozoom.h" />
    <ClInclude Include="$(MSBuildThisFileDirectory)\..\..\..\src\SDL_anigif.h" />
    <ClInclude Include="$(MSBuildThisFileDirectory)\..\..\..\src\SDL_gfxBlitFunc.h" />
    <ClInclude Include="$(MSBuildThisFileDirectory)\..\..\..\src\SDL_rotozoom.h" />
    <ClInclude Include="$(MSBuildThisFileDirectory)\..\..\..\src\sound.h" />
    <ClInclude Include="$(MSBuildThisFileDirectory)\..\..\..\src\themes.h" />
    <ClInclude Include="$(MSBuildThisFileDirectory)\..\..\..\src\unzip.h" />
    <ClInclude Include="$(MSBuildThisFileDirectory)\..\..\..\src\utils.h" />
  </ItemGroup>
  <ItemGroup>
    <None Include="$(MSBuildThisFileDirectory)\..\..\..\games\**\*.*" />
    <None Include="$(MSBuildThisFileDirectory)\..\..\..\games\**\*.*" />
    <None Include="$(MSBuildThisFileDirectory)\..\..\..\games\**\*.*" />
    <None Include="$(MSBuildThisFileDirectory)\..\..\..\games\**\*.*" />
    <None Include="$(MSBuildThisFileDirectory)\..\..\..\games\**\*.*" />
    <None Include="$(MSBuildThisFileDirectory)\..\..\..\games\**\*.*" />
    <None Include="$(MSBuildThisFileDirectory)\..\..\..\games\**\*.*" />
    <None Include="$(MSBuildThisFileDirectory)\..\..\..\games\**\*.*" />
    <None Include="$(MSBuildThisFileDirectory)\..\..\..\games\**\*.*" />
    <None Include="$(MSBuildThisFileDirectory)\..\..\..\games\**\*.*" />
    <None Include="$(MSBuildThisFileDirectory)\..\..\..\games\**\*.*" />
    <None Include="$(MSBuildThisFileDirectory)\..\..\..\games\**\*.*" />
    <None Include="$(MSBuildThisFileDirectory)\..\..\..\games\**\*.*" />
    <None Include="$(MSBuildThisFileDirectory)\..\..\..\games\**\*.*" />
    <None Include="$(MSBuildThisFileDirectory)\..\..\..\games\**\*.*" />
    <None Include="$(MSBuildThisFileDirectory)\..\..\..\games\**\*.*" />
    <None Include="$(MSBuildThisFileDirectory)\..\..\..\games\**\*.*" />
    <None Include="$(MSBuildThisFileDirectory)\..\..\..\games\**\*.*" />
    <None Include="$(MSBuildThisFileDirectory)\..\..\..\games\**\*.*" />
    <None Include="$(MSBuildThisFileDirectory)\..\..\..\games\**\*.*" />
    <None Include="$(MSBuildThisFileDirectory)\..\..\..\games\**\*.*" />
    <None Include="$(MSBuildThisFileDirectory)\..\..\..\stead\**\*.*" />
    <None Include="$(MSBuildThisFileDirectory)\..\..\..\stead\**\*.*" />
    <None Include="$(MSBuildThisFileDirectory)\..\..\..\stead\**\*.*" />
    <None Include="$(MSBuildThisFileDirectory)\..\..\..\stead\**\*.*" />
    <None Include="$(MSBuildThisFileDirectory)\..\..\..\stead\**\*.*" />
    <None Include="$(MSBuildThisFileDirectory)\..\..\..\stead\**\*.*" />
    <None Include="$(MSBuildThisFileDirectory)\..\..\..\stead\**\*.*" />
    <None Include="$(MSBuildThisFileDirectory)\..\..\..\stead\**\*.*" />
    <None Include="$(MSBuildThisFileDirectory)\..\..\..\stead\**\*.*" />
    <None Include="$(MSBuildThisFileDirectory)\..\..\..\stead\**\*.*" />
    <None Include="$(MSBuildThisFileDirectory)\..\..\..\stead\**\*.*" />
    <None Include="$(MSBuildThisFileDirectory)\..\..\..\stead\**\*.*" />
    <None Include="$(MSBuildThisFileDirectory)\..\..\..\stead\**\*.*" />
    <None Include="$(MSBuildThisFileDirectory)\..\..\..\stead\**\*.*" />
    <None Include="$(MSBuildThisFileDirectory)\..\..\..\stead\**\*.*" />
    <None Include="$(MSBuildThisFileDirectory)\..\..\..\stead\**\*.*" />
    <None Include="$(MSBuildThisFileDirectory)\..\..\..\stead\**\*.*" />
    <None Include="$(MSBuildThisFileDirectory)\..\..\..\stead\**\*.*" />
    <None Include="$(MSBuildThisFileDirectory)\..\..\..\stead\**\*.*" />
    <None Include="$(MSBuildThisFileDirectory)\..\..\..\stead\**\*.*" />
    <None Include="$(MSBuildThisFileDirectory)\..\..\..\stead\**\*.*" />
    <None Include="$(MSBuildThisFileDirectory)\..\..\..\stead\**\*.*" />
    <None Include="$(MSBuildThisFileDirectory)\..\..\..\stead\**\*.*" />
    <None Include="$(MSBuildThisFileDirectory)\..\..\..\stead\**\*.*" />
    <None Include="$(MSBuildThisFileDirectory)\..\..\..\stead\**\*.*" />
    <None Include="$(MSBuildThisFileDirectory)\..\..\..\stead\**\*.*" />
    <None Include="$(MSBuildThisFileDirectory)\..\..\..\stead\**\*.*" />
    <None Include="$(MSBuildThisFileDirectory)\..\..\..\stead\**\*.*" />
    <None Include="$(MSBuildThisFileDirectory)\..\..\..\stead\**\*.*" />
    <None Include="$(MSBuildThisFileDirectory)\..\..\..\stead\**\*.*" />
    <None Include="$(MSBuildThisFileDirectory)\..\..\..\stead\**\*.*" />
    <None Include="$(MSBuildThisFileDirectory)\..\..\..\stead\**\*.*" />
    <None Include="$(MSBuildThisFileDirectory)\..\..\..\stead\**\*.*" />
    <None Include="$(MSBuildThisFileDirectory)\..\..\..\stead\**\*.*" />
    <None Include="$(MSBuildThisFileDirectory)\..\..\..\stead\**\*.*" />
    <None Include="$(MSBuildThisFileDirectory)\..\..\..\stead\**\*.*" />
    <None Include="$(MSBuildThisFileDirectory)\..\..\..\stead\**\*.*" />
    <None Include="$(MSBuildThisFileDirectory)\..\..\..\stead\**\*.*" />
    <None Include="$(MSBuildThisFileDirectory)\..\..\..\stead\**\*.*" />
    <None Include="$(MSBuildThisFileDirectory)\..\..\..\stead\**\*.*" />
    <None Include="$(MSBuildThisFileDirectory)\..\..\..\stead\**\*.*" />
    <None Include="$(MSBuildThisFileDirectory)\..\..\..\stead\**\*.*" />
    <None Include="$(MSBuildThisFileDirectory)\..\..\..\stead\**\*.*" />
    <None Include="$(MSBuildThisFileDirectory)\..\..\..\stead\**\*.*" />
    <None Include="$(MSBuildThisFileDirectory)\..\..\..\stead\**\*.*" />
    <None Include="$(MSBuildThisFileDirectory)\..\..\..\stead\**\*.*" />
    <None Include="$(MSBuildThisFileDirectory)\..\..\..\stead\**\*.*" />
    <None Include="$(MSBuildThisFileDirectory)\..\..\..\stead\**\*.*" />
    <None Include="$(MSBuildThisFileDirectory)\..\..\..\stead\**\*.*" />
    <None Include="$(MSBuildThisFileDirectory)\..\..\..\stead\**\*.*" />
    <None Include="$(MSBuildThisFileDirectory)\..\..\..\stead\**\*.*" />
    <None Include="$(MSBuildThisFileDirectory)\..\..\..\stead\**\*.*" />
    <None Include="$(MSBuildThisFileDirectory)\..\..\..\stead\**\*.*" />
    <None Include="$(MSBuildThisFileDirectory)\..\..\..\stead\**\*.*" />
    <None Include="$(MSBuildThisFileDirectory)\..\..\..\stead\**\*.*" />
    <None Include="$(MSBuildThisFileDirectory)\..\..\..\stead\**\*.*" />
    <None Include="$(MSBuildThisFileDirectory)\..\..\..\stead\**\*.*" />
    <None Include="$(MSBuildThisFileDirectory)\..\..\..\stead\**\*.*" />
    <None Include="$(MSBuildThisFileDirectory)\..\..\..\stead\**\*.*" />
    <None Include="$(MSBuildThisFileDirectory)\..\..\..\stead\**\*.*" />
    <None Include="$(MSBuildThisFileDirectory)\..\..\..\lang\**\*.*" />
    <None Include="$(MSBuildThisFileDirectory)\..\..\..\lang\**\*.*" />
    <None Include="$(MSBuildThisFileDirectory)\..\..\..\lang\**\*.*" />
    <None Include="$(MSBuildThisFileDirectory)\..\..\..\lang\**\*.*" />
    <None Include="$(MSBuildThisFileDirectory)\..\..\..\lang\**\*.*" />
    <None Include="$(MSBuildThisFileDirectory)\..\..\..\lang\**\*.*" />
    <None Include="$(MSBuildThisFileDirectory)\..\..\..\lang\**\*.*" />
    <None Include="$(MSBuildThisFileDirectory)\..\..\..\lang\**\*.*" />
    <None Include="$(MSBuildThisFileDirectory)\..\..\..\lang\**\*.*" />
    <None Include="$(MSBuildThisFileDirectory)\..\..\..\lang\**\*.*" />
    <None Include="$(MSBuildThisFileDirectory)\..\..\..\themes\**\*.*" />
    <None Include="$(MSBuildThisFileDirectory)\..\..\..\themes\**\*.*" />
    <None Include="$(MSBuildThisFileDirectory)\..\..\..\themes\**\*.*" />
    <None Include="$(MSBuildThisFileDirectory)\..\..\..\themes\**\*.*" />
    <None Include="$(MSBuildThisFileDirectory)\..\..\..\themes\**\*.*" />
    <None Include="$(MSBuildThisFileDirectory)\..\..\..\themes\**\*.*" />
    <None Include="$(MSBuildThisFileDirectory)\..\..\..\themes\**\*.*" />
    <None Include="$(MSBuildThisFileDirectory)\..\..\..\themes\**\*.*" />
    <None Include="$(MSBuildThisFileDirectory)\..\..\..\themes\**\*.*" />
    <None Include="$(MSBuildThisFileDirectory)\..\..\..\themes\**\*.*" />
    <None Include="$(MSBuildThisFileDirectory)\..\..\..\themes\**\*.*" />
    <None Include="$(MSBuildThisFileDirectory)\..\..\..\themes\**\*.*" />
    <None Include="$(MSBuildThisFileDirectory)\..\..\..\themes\**\*.*" />
    <None Include="$(MSBuildThisFileDirectory)\..\..\..\themes\**\*.*" />
    <None Include="$(MSBuildThisFileDirectory)\..\..\..\themes\**\*.*" />
    <None Include="$(MSBuildThisFileDirectory)\..\..\..\themes\**\*.*" />
    <None Include="$(MSBuildThisFileDirectory)\..\..\..\themes\**\*.*" />
    <None Include="$(MSBuildThisFileDirectory)\..\..\..\themes\**\*.*" />
    <None Include="$(MSBuildThisFileDirectory)\..\..\..\themes\**\*.*" />
    <None Include="$(MSBuildThisFileDirectory)\..\..\..\themes\**\*.*" />
    <None Include="$(MSBuildThisFileDirectory)\..\..\..\themes\**\*.*" />
    <None Include="$(MSBuildThisFileDirectory)\..\..\..\themes\**\*.*" />
    <None Include="$(MSBuildThisFileDirectory)\..\..\..\themes\**\*.*" />
    <None Include="$(MSBuildThisFileDirectory)\..\..\..\themes\**\*.*" />
    <None Include="$(MSBuildThisFileDirectory)\..\..\..\themes\**\*.*" />
    <None Include="$(MSBuildThisFileDirectory)\..\..\..\themes\**\*.*" />
    <None Include="$(MSBuildThisFileDirectory)\..\..\..\themes\**\*.*" />
    <None Include="$(MSBuildThisFileDirectory)\..\..\..\themes\**\*.*" />
    <None Include="$(MSBuildThisFileDirectory)\..\..\..\themes\**\*.*" />
    <None Include="$(MSBuildThisFileDirectory)\..\..\..\themes\**\*.*" />
    <None Include="$(MSBuildThisFileDirectory)\..\..\..\themes\**\*.*" />
    <None Include="$(MSBuildThisFileDirectory)\..\..\..\themes\**\*.*" />
    <None Include="$(MSBuildThisFileDirectory)\..\..\..\themes\**\*.*" />
    <None Include="$(MSBuildThisFileDirectory)\..\..\..\themes\**\*.*" />
    <None Include="$(MSBuildThisFileDirectory)\..\..\..\themes\**\*.*" />
    <None Include="$(MSBuildThisFileDirectory)\..\..\..\themes\**\*.*" />
    <None Include="$(MSBuildThisFileDirectory)\..\..\..\themes\**\*.*" />
    <None Include="$(MSBuildThisFileDirectory)\..\..\..\themes\**\*.*" />
    <None Include="$(MSBuildThisFileDirectory)\..\..\..\themes\**\*.*" />
    <None Include="$(MSBuildThisFileDirectory)\..\..\..\themes\**\*.*" />
    <None Include="$(MSBuildThisFileDirectory)\..\..\..\themes\**\*.*" />
    <None Include="$(MSBuildThisFileDirectory)\..\..\..\themes\**\*.*" />
    <None Include="$(MSBuildThisFileDirectory)\..\..\..\themes\**\*.*" />
    <None Include="$(MSBuildThisFileDirectory)\..\..\..\themes\**\*.*" />
    <None Include="$(MSBuildThisFileDirectory)\..\..\..\games\**\*.*" />
    <None Include="$(MSBuildThisFileDirectory)\..\..\..\games\**\*.*" />
    <None Include="$(MSBuildThisFileDirectory)\..\..\..\games\**\*.*" />
    <None Include="$(MSBuildThisFileDirectory)\..\..\..\games\**\*.*" />
    <None Include="$(MSBuildThisFileDirectory)\..\..\..\games\**\*.*" />
    <None Include="$(MSBuildThisFileDirectory)\..\..\..\games\**\*.*" />
    <None Include="$(MSBuildThisFileDirectory)\..\..\..\games\**\*.*" />
    <None Include="$(MSBuildThisFileDirectory)\..\..\..\games\**\*.*" />
    <None Include="$(MSBuildThisFileDirectory)\..\..\..\games\**\*.*" />
    <None Include="$(MSBuildThisFileDirectory)\..\..\..\games\**\*.*" />
    <None Include="$(MSBuildThisFileDirectory)\..\..\..\games\**\*.*" />
    <None Include="$(MSBuildThisFileDirectory)\..\..\..\games\**\*.*" />
    <None Include="$(MSBuildThisFileDirectory)\..\..\..\games\**\*.*" />
    <None Include="$(MSBuildThisFileDirectory)\..\..\..\games\**\*.*" />
    <None Include="$(MSBuildThisFileDirectory)\..\..\..\games\**\*.*" />
    <None Include="$(MSBuildThisFileDirectory)\..\..\..\games\**\*.*" />
    <None Include="$(MSBuildThisFileDirectory)\..\..\..\games\**\*.*" />
    <None Include="$(MSBuildThisFileDirectory)\..\..\..\games\**\*.*" />
    <None Include="$(MSBuildThisFileDirectory)\..\..\..\games\**\*.*" />
    <None Include="$(MSBuildThisFileDirectory)\..\..\..\games\**\*.*" />
    <None Include="$(MSBuildThisFileDirectory)\..\..\..\stead\**\*.*" />
    <None Include="$(MSBuildThisFileDirectory)\..\..\..\stead\**\*.*" />
    <None Include="$(MSBuildThisFileDirectory)\..\..\..\stead\**\*.*" />
    <None Include="$(MSBuildThisFileDirectory)\..\..\..\stead\**\*.*" />
    <None Include="$(MSBuildThisFileDirectory)\..\..\..\stead\**\*.*" />
    <None Include="$(MSBuildThisFileDirectory)\..\..\..\stead\**\*.*" />
    <None Include="$(MSBuildThisFileDirectory)\..\..\..\stead\**\*.*" />
    <None Include="$(MSBuildThisFileDirectory)\..\..\..\stead\**\*.*" />
    <None Include="$(MSBuildThisFileDirectory)\..\..\..\stead\**\*.*" />
    <None Include="$(MSBuildThisFileDirectory)\..\..\..\stead\**\*.*" />
    <None Include="$(MSBuildThisFileDirectory)\..\..\..\stead\**\*.*" />
    <None Include="$(MSBuildThisFileDirectory)\..\..\..\stead\**\*.*" />
    <None Include="$(MSBuildThisFileDirectory)\..\..\..\stead\**\*.*" />
    <None Include="$(MSBuildThisFileDirectory)\..\..\..\stead\**\*.*" />
    <None Include="$(MSBuildThisFileDirectory)\..\..\..\stead\**\*.*" />
    <None Include="$(MSBuildThisFileDirectory)\..\..\..\stead\**\*.*" />
    <None Include="$(MSBuildThisFileDirectory)\..\..\..\stead\**\*.*" />
    <None Include="$(MSBuildThisFileDirectory)\..\..\..\stead\**\*.*" />
    <None Include="$(MSBuildThisFileDirectory)\..\..\..\stead\**\*.*" />
    <None Include="$(MSBuildThisFileDirectory)\..\..\..\stead\**\*.*" />
    <None Include="$(MSBuildThisFileDirectory)\..\..\..\stead\**\*.*" />
    <None Include="$(MSBuildThisFileDirectory)\..\..\..\stead\**\*.*" />
    <None Include="$(MSBuildThisFileDirectory)\..\..\..\stead\**\*.*" />
    <None Include="$(MSBuildThisFileDirectory)\..\..\..\stead\**\*.*" />
    <None Include="$(MSBuildThisFileDirectory)\..\..\..\stead\**\*.*" />
    <None Include="$(MSBuildThisFileDirectory)\..\..\..\stead\**\*.*" />
    <None Include="$(MSBuildThisFileDirectory)\..\..\..\stead\**\*.*" />
    <None Include="$(MSBuildThisFileDirectory)\..\..\..\stead\**\*.*" />
    <None Include="$(MSBuildThisFileDirectory)\..\..\..\stead\**\*.*" />
    <None Include="$(MSBuildThisFileDirectory)\..\..\..\stead\**\*.*" />
    <None Include="$(MSBuildThisFileDirectory)\..\..\..\stead\**\*.*" />
    <None Include="$(MSBuildThisFileDirectory)\..\..\..\stead\**\*.*" />
    <None Include="$(MSBuildThisFileDirectory)\..\..\..\stead\**\*.*" />
    <None Include="$(MSBuildThisFileDirectory)\..\..\..\stead\**\*.*" />
    <None Include="$(MSBuildThisFileDirectory)\..\..\..\stead\**\*.*" />
    <None Include="$(MSBuildThisFileDirectory)\..\..\..\stead\**\*.*" />
    <None Include="$(MSBuildThisFileDirectory)\..\..\..\stead\**\*.*" />
    <None Include="$(MSBuildThisFileDirectory)\..\..\..\stead\**\*.*" />
    <None Include="$(MSBuildThisFileDirectory)\..\..\..\stead\**\*.*" />
    <None Include="$(MSBuildThisFileDirectory)\..\..\..\stead\**\*.*" />
    <None Include="$(MSBuildThisFileDirectory)\..\..\..\stead\**\*.*" />
    <None Include="$(MSBuildThisFileDirectory)\..\..\..\stead\**\*.*" />
    <None Include="$(MSBuildThisFileDirectory)\..\..\..\stead\**\*.*" />
    <None Include="$(MSBuildThisFileDirectory)\..\..\..\stead\**\*.*" />
    <None Include="$(MSBuildThisFileDirectory)\..\..\..\stead\**\*.*" />
    <None Include="$(MSBuildThisFileDirectory)\..\..\..\stead\**\*.*" />
    <None Include="$(MSBuildThisFileDirectory)\..\..\..\stead\**\*.*" />
    <None Include="$(MSBuildThisFileDirectory)\..\..\..\stead\**\*.*" />
    <None Include="$(MSBuildThisFileDirectory)\..\..\..\stead\**\*.*" />
    <None Include="$(MSBuildThisFileDirectory)\..\..\..\stead\**\*.*" />
    <None Include="$(MSBuildThisFileDirectory)\..\..\..\stead\**\*.*" />
    <None Include="$(MSBuildThisFileDirectory)\..\..\..\stead\**\*.*" />
    <None Include="$(MSBuildThisFileDirectory)\..\..\..\stead\**\*.*" />
    <None Include="$(MSBuildThisFileDirectory)\..\..\..\stead\**\*.*" />
    <None Include="$(MSBuildThisFileDirectory)\..\..\..\stead\**\*.*" />
    <None Include="$(MSBuildThisFileDirectory)\..\..\..\stead\**\*.*" />
    <None Include="$(MSBuildThisFileDirectory)\..\..\..\stead\**\*.*" />
    <None Include="$(MSBuildThisFileDirectory)\..\..\..\stead\**\*.*" />
    <None Include="$(MSBuildThisFileDirectory)\..\..\..\stead\**\*.*" />
    <None Include="$(MSBuildThisFileDirectory)\..\..\..\lang\**\*.*" />
    <None Include="$(MSBuildThisFileDirectory)\..\..\..\lang\**\*.*" />
    <None Include="$(MSBuildThisFileDirectory)\..\..\..\lang\**\*.*" />
    <None Include="$(MSBuildThisFileDirectory)\..\..\..\lang\**\*.*" />
    <None Include="$(MSBuildThisFileDirectory)\..\..\..\lang\**\*.*" />
    <None Include="$(MSBuildThisFileDirectory)\..\..\..\lang\**\*.*" />
    <None Include="$(MSBuildThisFileDirectory)\..\..\..\lang\**\*.*" />
    <None Include="$(MSBuildThisFileDirectory)\..\..\..\lang\**\*.*" />
    <None Include="$(MSBuildThisFileDirectory)\..\..\..\lang\**\*.*" />
    <None Include="$(MSBuildThisFileDirectory)\..\..\..\themes\**\*.*" />
    <None Include="$(MSBuildThisFileDirectory)\..\..\..\themes\**\*.*" />
    <None Include="$(MSBuildThisFileDirectory)\..\..\..\themes\**\*.*" />
    <None Include="$(MSBuildThisFileDirectory)\..\..\..\themes\**\*.*" />
    <None Include="$(MSBuildThisFileDirectory)\..\..\..\themes\**\*.*" />
    <None Include="$(MSBuildThisFileDirectory)\..\..\..\themes\**\*.*" />
    <None Include="$(MSBuildThisFileDirectory)\..\..\..\themes\**\*.*" />
    <None Include="$(MSBuildThisFileDirectory)\..\..\..\themes\**\*.*" />
    <None Include="$(MSBuildThisFileDirectory)\..\..\..\themes\**\*.*" />
    <None Include="$(MSBuildThisFileDirectory)\..\..\..\themes\**\*.*" />
    <None Include="$(MSBuildThisFileDirectory)\..\..\..\themes\**\*.*" />
    <None Include="$(MSBuildThisFileDirectory)\..\..\..\themes\**\*.*" />
    <None Include="$(MSBuildThisFileDirectory)\..\..\..\themes\**\*.*" />
    <None Include="$(MSBuildThisFileDirectory)\..\..\..\themes\**\*.*" />
    <None Include="$(MSBuildThisFileDirectory)\..\..\..\themes\**\*.*" />
    <None Include="$(MSBuildThisFileDirectory)\..\..\..\themes\**\*.*" />
    <None Include="$(MSBuildThisFileDirectory)\..\..\..\themes\**\*.*" />
    <None Include="$(MSBuildThisFileDirectory)\..\..\..\themes\**\*.*" />
    <None Include="$(MSBuildThisFileDirectory)\..\..\..\themes\**\*.*" />
    <None Include="$(MSBuildThisFileDirectory)\..\..\..\themes\**\*.*" />
    <None Include="$(MSBuildThisFileDirectory)\..\..\..\themes\**\*.*" />
    <None Include="$(MSBuildThisFileDirectory)\..\..\..\themes\**\*.*" />
    <None Include="$(MSBuildThisFileDirectory)\..\..\..\themes\**\*.*" />
    <None Include="$(MSBuildThisFileDirectory)\..\..\..\themes\**\*.*" />
    <None Include="$(MSBuildThisFileDirectory)\..\..\..\themes\**\*.*" />
    <None Include="$(MSBuildThisFileDirectory)\..\..\..\themes\**\*.*" />
    <None Include="$(MSBuildThisFileDirectory)\..\..\..\themes\**\*.*" />
    <None Include="$(MSBuildThisFileDirectory)\..\..\..\themes\**\*.*" />
    <None Include="$(MSBuildThisFileDirectory)\..\..\..\themes\**\*.*" />
    <None Include="$(MSBuildThisFileDirectory)\..\..\..\themes\**\*.*" />
    <None Include="$(MSBuildThisFileDirectory)\..\..\..\themes\**\*.*" />
    <None Include="$(MSBuildThisFileDirectory)\..\..\..\themes\**\*.*" />
    <None Include="$(MSBuildThisFileDirectory)\..\..\..\themes\**\*.*" />
    <None Include="$(MSBuildThisFileDirectory)\..\..\..\themes\**\*.*" />
    <None Include="$(MSBuildThisFileDirectory)\..\..\..\themes\**\*.*" />
    <None Include="$(MSBuildThisFileDirectory)\..\..\..\themes\**\*.*" />
    <None Include="$(MSBuildThisFileDirectory)\..\..\..\themes\**\*.*" />
    <None Include="$(MSBuildThisFileDirectory)\..\..\..\themes\**\*.*" />
    <None Include="$(MSBuildThisFileDirectory)\..\..\..\themes\**\*.*" />
    <None Include="$(MSBuildThisFileDirectory)\..\..\..\themes\**\*.*" />
    <None Include="$(MSBuildThisFileDirectory)\..\..\..\themes\**\*.*" />
    <None Include="$(MSBuildThisFileDirectory)\..\..\..\themes\**\*.*" />
    <None Include="$(MSBuildThisFileDirectory)\..\..\..\themes\**\*.*" />
    <None Include="..\..\..\..\SDL\VisualC\SDLmain\SDLmain.vcxproj" />
  </ItemGroup>
  <ItemGroup>
    <Filter Include="sdl">
      <UniqueIdentifier>{03693f09-6b6d-41ec-b597-dd7c231ef2a2}</UniqueIdentifier>
    </Filter>
  </ItemGroup>
</Project>