
Microsoft Visual Studio Solution File, Format Version 12.00
# Visual Studio 14
VisualStudioVersion = 14.0.25420.1
MinimumVisualStudioVersion = 10.0.40219.1
Project("{8BC9CEB8-8B4A-11D0-8D11-00A0C91BC942}") = "instead", "instead\instead.vcxproj", "{AA39689E-2BA4-4163-96DD-107781B4CE0E}"
EndProject
Project("{8BC9CEB8-8B4A-11D0-8D11-00A0C91BC942}") = "instead_compat", "..\..\instead_compat\instead_compat\instead_compat.vcxproj", "{661A8649-72AA-4862-9161-6AB9CA1971A1}"
EndProject
Project("{8BC9CEB8-8B4A-11D0-8D11-00A0C91BC942}") = "libgen", "..\..\libgen\libgen\libgen.vcxproj", "{788C15E5-6DB8-4420-AC1E-C279955FB585}"
EndProject
Project("{8BC9CEB8-8B4A-11D0-8D11-00A0C91BC942}") = "libiconv", "..\..\libiconv\libiconv\libiconv.vcxproj", "{8A2751F1-952F-4090-B357-8357EAB880D5}"
EndProject
Project("{8BC9CEB8-8B4A-11D0-8D11-00A0C91BC942}") = "lua52", "..\..\lua52\lua52\lua52.vcxproj", "{F64F67C6-787E-4B09-87B3-F7255080DB01}"
EndProject
Project("{8BC9CEB8-8B4A-11D0-8D11-00A0C91BC942}") = "instead_compat.Shared", "..\..\..\VisualC\instead_compat\instead_compat.Shared\instead_compat.Shared.vcxitems", "{8BC55AE3-7511-4317-86CE-6583310B54CF}"
EndProject
Project("{8BC9CEB8-8B4A-11D0-8D11-00A0C91BC942}") = "libgen.Shared", "..\..\..\VisualC\libgen\libgen.Shared\libgen.Shared.vcxitems", "{7CF3B759-856B-4DC4-A0E5-A7C5564788C5}"
EndProject
Project("{8BC9CEB8-8B4A-11D0-8D11-00A0C91BC942}") = "libiconv.Shared", "..\..\..\VisualC\libiconv\libiconv.Shared\libiconv.Shared.vcxitems", "{5A6FDEB1-9776-4A14-8BDD-E919603DB294}"
EndProject
Project("{8BC9CEB8-8B4A-11D0-8D11-00A0C91BC942}") = "lua52.Shared", "..\..\..\VisualC\lua52\lua52.Shared\lua52.Shared.vcxitems", "{334EAB4B-C600-4A2B-95DD-F2D8BC95E414}"
EndProject
Project("{8BC9CEB8-8B4A-11D0-8D11-00A0C91BC942}") = "SDL2-UWP", "..\..\..\..\SDL\VisualC-WinRT\UWP_VS2015\SDL-UWP.vcxproj", "{89E9B32E-A86A-47C3-A948-D2B1622925CE}"
EndProject
Project("{8BC9CEB8-8B4A-11D0-8D11-00A0C91BC942}") = "SDL2_mixer-UWP", "..\..\..\..\SDL_mixer\VisualC-WinRT\UWP_VS2015\SDL_mixer-UWP.vcxproj", "{18665277-E558-4484-93F4-E4DC7BB614CB}"
EndProject
Project("{8BC9CEB8-8B4A-11D0-8D11-00A0C91BC942}") = "libogg_dynamic-UWP", "..\..\..\..\SDL_mixer\VisualC-WinRT\UWP_VS2015\libogg_dynamic-UWP.vcxproj", "{B14F8B7F-C9FF-4FD3-B328-7C68AB801E85}"
EndProject
Project("{8BC9CEB8-8B4A-11D0-8D11-00A0C91BC942}") = "libvorbis_dynamic-UWP", "..\..\..\..\SDL_mixer\VisualC-WinRT\UWP_VS2015\libvorbis_dynamic-UWP.vcxproj", "{6B6C1F59-6A82-4097-8907-04DF5C95D014}"
EndProject
Project("{8BC9CEB8-8B4A-11D0-8D11-00A0C91BC942}") = "libvorbisfile_dynamic-UWP", "..\..\..\..\SDL_mixer\VisualC-WinRT\UWP_VS2015\libvorbisfile_dynamic-UWP.vcxproj", "{70EF3B8F-6AAF-401B-9818-3371E950E73C}"
EndProject
Project("{8BC9CEB8-8B4A-11D0-8D11-00A0C91BC942}") = "SDL2_image-UWP", "..\SDL2_image-UWP\SDL2_image-UWP.vcxproj", "{B2904C3D-E92A-4B64-AAFA-B5B921903C2D}"
EndProject
Project("{8BC9CEB8-8B4A-11D0-8D11-00A0C91BC942}") = "SDL2_ttf-UWP", "..\SDL2_ttf-UWP\SDL2_ttf-UWP.vcxproj", "{2F1B58D9-052A-4A34-8A3E-7EEAFB13F6AE}"
EndProject
Project("{8BC9CEB8-8B4A-11D0-8D11-00A0C91BC942}") = "freetype-UWP", "..\freetype-UWP\freetype-UWP.vcxproj", "{FB8F8FE3-906A-44CC-8BED-AC999637F97E}"
EndProject
Project("{2150E333-8FDC-42A3-9474-1A3956D46DE8}") = "instead_uwp", "instead_uwp", "{11CE4422-E481-4210-ADAC-3E55D9AB283F}"
EndProject
Project("{8BC9CEB8-8B4A-11D0-8D11-00A0C91BC942}") = "jpeg-UWP", "..\jpeg-UWP\jpeg-UWP.vcxproj", "{7592D295-3804-4DB4-809F-D7958B596582}"
EndProject
Project("{8BC9CEB8-8B4A-11D0-8D11-00A0C91BC942}") = "libwebp-UWP", "..\libwebp-UWP\libwebp-UWP.vcxproj", "{84E52D4C-AF55-40E7-855B-A352902863D8}"
EndProject
Project("{8BC9CEB8-8B4A-11D0-8D11-00A0C91BC942}") = "zlib-UWP", "..\zlib-UWP\zlib-UWP.vcxproj", "{2C1DBFE5-A358-43E5-8DD8-48A9DA1E2260}"
EndProject
Project("{8BC9CEB8-8B4A-11D0-8D11-00A0C91BC942}") = "libpng-UWP", "..\libpng-UWP\libpng-UWP.vcxproj", "{C4D98017-3027-42DE-836C-F9683C2C84E0}"
EndProject
Project("{8BC9CEB8-8B4A-11D0-8D11-00A0C91BC942}") = "libmikmod-UWP", "..\libmikmod-UWP\libmikmod-UWP.vcxproj", "{C69267C7-77A6-48B9-A286-81C7B9172478}"
EndProject
Project("{8BC9CEB8-8B4A-11D0-8D11-00A0C91BC942}") = "smpeg-UWP", "..\smpeg-UWP\smpeg-UWP.vcxproj", "{BA3F6264-3BFC-4D88-907A-07AB7E203526}"
EndProject
Global
	GlobalSection(SharedMSBuildProjectFiles) = preSolution
		..\..\..\VisualC\lua52\lua52.Shared\lua52.Shared.vcxitems*{334eab4b-c600-4a2b-95dd-f2d8bc95e414}*SharedItemsImports = 9
		..\..\..\VisualC\libiconv\libiconv.Shared\libiconv.Shared.vcxitems*{5a6fdeb1-9776-4a14-8bdd-e919603db294}*SharedItemsImports = 9
		..\..\..\VisualC\instead_compat\instead_compat.Shared\instead_compat.Shared.vcxitems*{661a8649-72aa-4862-9161-6ab9ca1971a1}*SharedItemsImports = 4
		..\..\..\VisualC\libgen\libgen.Shared\libgen.Shared.vcxitems*{788c15e5-6db8-4420-ac1e-c279955fb585}*SharedItemsImports = 4
		..\..\..\VisualC\libgen\libgen.Shared\libgen.Shared.vcxitems*{7cf3b759-856b-4dc4-a0e5-a7c5564788c5}*SharedItemsImports = 9
		..\..\..\VisualC\libiconv\libiconv.Shared\libiconv.Shared.vcxitems*{8a2751f1-952f-4090-b357-8357eab880d5}*SharedItemsImports = 4
		..\..\..\VisualC\instead_compat\instead_compat.Shared\instead_compat.Shared.vcxitems*{8bc55ae3-7511-4317-86ce-6583310b54cf}*SharedItemsImports = 9
		..\..\..\VisualC\lua52\lua52.Shared\lua52.Shared.vcxitems*{f64f67c6-787e-4b09-87b3-f7255080db01}*SharedItemsImports = 4
	EndGlobalSection
	GlobalSection(SolutionConfigurationPlatforms) = preSolution
		Debug|ARM = Debug|ARM
		Debug|x64 = Debug|x64
		Debug|x86 = Debug|x86
		Release|ARM = Release|ARM
		Release|x64 = Release|x64
		Release|x86 = Release|x86
	EndGlobalSection
	GlobalSection(ProjectConfigurationPlatforms) = postSolution
		{AA39689E-2BA4-4163-96DD-107781B4CE0E}.Debug|ARM.ActiveCfg = Debug|ARM
		{AA39689E-2BA4-4163-96DD-107781B4CE0E}.Debug|ARM.Build.0 = Debug|ARM
		{AA39689E-2BA4-4163-96DD-107781B4CE0E}.Debug|ARM.Deploy.0 = Debug|ARM
		{AA39689E-2BA4-4163-96DD-107781B4CE0E}.Debug|x64.ActiveCfg = Debug|x64
		{AA39689E-2BA4-4163-96DD-107781B4CE0E}.Debug|x64.Build.0 = Debug|x64
		{AA39689E-2BA4-4163-96DD-107781B4CE0E}.Debug|x64.Deploy.0 = Debug|x64
		{AA39689E-2BA4-4163-96DD-107781B4CE0E}.Debug|x86.ActiveCfg = Debug|Win32
		{AA39689E-2BA4-4163-96DD-107781B4CE0E}.Debug|x86.Build.0 = Debug|Win32
		{AA39689E-2BA4-4163-96DD-107781B4CE0E}.Debug|x86.Deploy.0 = Debug|Win32
		{AA39689E-2BA4-4163-96DD-107781B4CE0E}.Release|ARM.ActiveCfg = Release|ARM
		{AA39689E-2BA4-4163-96DD-107781B4CE0E}.Release|ARM.Build.0 = Release|ARM
		{AA39689E-2BA4-4163-96DD-107781B4CE0E}.Release|ARM.Deploy.0 = Release|ARM
		{AA39689E-2BA4-4163-96DD-107781B4CE0E}.Release|x64.ActiveCfg = Release|x64
		{AA39689E-2BA4-4163-96DD-107781B4CE0E}.Release|x64.Build.0 = Release|x64
		{AA39689E-2BA4-4163-96DD-107781B4CE0E}.Release|x64.Deploy.0 = Release|x64
		{AA39689E-2BA4-4163-96DD-107781B4CE0E}.Release|x86.ActiveCfg = Release|Win32
		{AA39689E-2BA4-4163-96DD-107781B4CE0E}.Release|x86.Build.0 = Release|Win32
		{AA39689E-2BA4-4163-96DD-107781B4CE0E}.Release|x86.Deploy.0 = Release|Win32
		{661A8649-72AA-4862-9161-6AB9CA1971A1}.Debug|ARM.ActiveCfg = Debug|ARM
		{661A8649-72AA-4862-9161-6AB9CA1971A1}.Debug|ARM.Build.0 = Debug|ARM
		{661A8649-72AA-4862-9161-6AB9CA1971A1}.Debug|x64.ActiveCfg = Debug|x64
		{661A8649-72AA-4862-9161-6AB9CA1971A1}.Debug|x64.Build.0 = Debug|x64
		{661A8649-72AA-4862-9161-6AB9CA1971A1}.Debug|x86.ActiveCfg = Debug|Win32
		{661A8649-72AA-4862-9161-6AB9CA1971A1}.Debug|x86.Build.0 = Debug|Win32
		{661A8649-72AA-4862-9161-6AB9CA1971A1}.Release|ARM.ActiveCfg = Release|ARM
		{661A8649-72AA-4862-9161-6AB9CA1971A1}.Release|ARM.Build.0 = Release|ARM
		{661A8649-72AA-4862-9161-6AB9CA1971A1}.Release|x64.ActiveCfg = Release|x64
		{661A8649-72AA-4862-9161-6AB9CA1971A1}.Release|x64.Build.0 = Release|x64
		{661A8649-72AA-4862-9161-6AB9CA1971A1}.Release|x86.ActiveCfg = Release|Win32
		{661A8649-72AA-4862-9161-6AB9CA1971A1}.Release|x86.Build.0 = Release|Win32
		{788C15E5-6DB8-4420-AC1E-C279955FB585}.Debug|ARM.ActiveCfg = Debug|ARM
		{788C15E5-6DB8-4420-AC1E-C279955FB585}.Debug|ARM.Build.0 = Debug|ARM
		{788C15E5-6DB8-4420-AC1E-C279955FB585}.Debug|x64.ActiveCfg = Debug|x64
		{788C15E5-6DB8-4420-AC1E-C279955FB585}.Debug|x64.Build.0 = Debug|x64
		{788C15E5-6DB8-4420-AC1E-C279955FB585}.Debug|x86.ActiveCfg = Debug|Win32
		{788C15E5-6DB8-4420-AC1E-C279955FB585}.Debug|x86.Build.0 = Debug|Win32
		{788C15E5-6DB8-4420-AC1E-C279955FB585}.Release|ARM.ActiveCfg = Release|ARM
		{788C15E5-6DB8-4420-AC1E-C279955FB585}.Release|ARM.Build.0 = Release|ARM
		{788C15E5-6DB8-4420-AC1E-C279955FB585}.Release|x64.ActiveCfg = Release|x64
		{788C15E5-6DB8-4420-AC1E-C279955FB585}.Release|x64.Build.0 = Release|x64
		{788C15E5-6DB8-4420-AC1E-C279955FB585}.Release|x86.ActiveCfg = Release|Win32
		{788C15E5-6DB8-4420-AC1E-C279955FB585}.Release|x86.Build.0 = Release|Win32
		{8A2751F1-952F-4090-B357-8357EAB880D5}.Debug|ARM.ActiveCfg = Debug|ARM
		{8A2751F1-952F-4090-B357-8357EAB880D5}.Debug|ARM.Build.0 = Debug|ARM
		{8A2751F1-952F-4090-B357-8357EAB880D5}.Debug|x64.ActiveCfg = Debug|x64
		{8A2751F1-952F-4090-B357-8357EAB880D5}.Debug|x64.Build.0 = Debug|x64
		{8A2751F1-952F-4090-B357-8357EAB880D5}.Debug|x86.ActiveCfg = Debug|Win32
		{8A2751F1-952F-4090-B357-8357EAB880D5}.Debug|x86.Build.0 = Debug|Win32
		{8A2751F1-952F-4090-B357-8357EAB880D5}.Release|ARM.ActiveCfg = Release|ARM
		{8A2751F1-952F-4090-B357-8357EAB880D5}.Release|ARM.Build.0 = Release|ARM
		{8A2751F1-952F-4090-B357-8357EAB880D5}.Release|x64.ActiveCfg = Release|x64
		{8A2751F1-952F-4090-B357-8357EAB880D5}.Release|x64.Build.0 = Release|x64
		{8A2751F1-952F-4090-B357-8357EAB880D5}.Release|x86.ActiveCfg = Release|Win32
		{8A2751F1-952F-4090-B357-8357EAB880D5}.Release|x86.Build.0 = Release|Win32
		{F64F67C6-787E-4B09-87B3-F7255080DB01}.Debug|ARM.ActiveCfg = Debug|ARM
		{F64F67C6-787E-4B09-87B3-F7255080DB01}.Debug|ARM.Build.0 = Debug|ARM
		{F64F67C6-787E-4B09-87B3-F7255080DB01}.Debug|x64.ActiveCfg = Debug|x64
		{F64F67C6-787E-4B09-87B3-F7255080DB01}.Debug|x64.Build.0 = Debug|x64
		{F64F67C6-787E-4B09-87B3-F7255080DB01}.Debug|x86.ActiveCfg = Debug|Win32
		{F64F67C6-787E-4B09-87B3-F7255080DB01}.Debug|x86.Build.0 = Debug|Win32
		{F64F67C6-787E-4B09-87B3-F7255080DB01}.Release|ARM.ActiveCfg = Release|ARM
		{F64F67C6-787E-4B09-87B3-F7255080DB01}.Release|ARM.Build.0 = Release|ARM
		{F64F67C6-787E-4B09-87B3-F7255080DB01}.Release|x64.ActiveCfg = Release|x64
		{F64F67C6-787E-4B09-87B3-F7255080DB01}.Release|x64.Build.0 = Release|x64
		{F64F67C6-787E-4B09-87B3-F7255080DB01}.Release|x86.ActiveCfg = Release|Win32
		{F64F67C6-787E-4B09-87B3-F7255080DB01}.Release|x86.Build.0 = Release|Win32
		{89E9B32E-A86A-47C3-A948-D2B1622925CE}.Debug|ARM.ActiveCfg = Debug|ARM
		{89E9B32E-A86A-47C3-A948-D2B1622925CE}.Debug|ARM.Build.0 = Debug|ARM
		{89E9B32E-A86A-47C3-A948-D2B1622925CE}.Debug|x64.ActiveCfg = Debug|x64
		{89E9B32E-A86A-47C3-A948-D2B1622925CE}.Debug|x64.Build.0 = Debug|x64
		{89E9B32E-A86A-47C3-A948-D2B1622925CE}.Debug|x86.ActiveCfg = Debug|Win32
		{89E9B32E-A86A-47C3-A948-D2B1622925CE}.Debug|x86.Build.0 = Debug|Win32
		{89E9B32E-A86A-47C3-A948-D2B1622925CE}.Release|ARM.ActiveCfg = Release|ARM
		{89E9B32E-A86A-47C3-A948-D2B1622925CE}.Release|ARM.Build.0 = Release|ARM
		{89E9B32E-A86A-47C3-A948-D2B1622925CE}.Release|x64.ActiveCfg = Release|x64
		{89E9B32E-A86A-47C3-A948-D2B1622925CE}.Release|x64.Build.0 = Release|x64
		{89E9B32E-A86A-47C3-A948-D2B1622925CE}.Release|x86.ActiveCfg = Release|Win32
		{89E9B32E-A86A-47C3-A948-D2B1622925CE}.Release|x86.Build.0 = Release|Win32
		{18665277-E558-4484-93F4-E4DC7BB614CB}.Debug|ARM.ActiveCfg = Debug|ARM
		{18665277-E558-4484-93F4-E4DC7BB614CB}.Debug|ARM.Build.0 = Debug|ARM
		{18665277-E558-4484-93F4-E4DC7BB614CB}.Debug|x64.ActiveCfg = Debug|x64
		{18665277-E558-4484-93F4-E4DC7BB614CB}.Debug|x64.Build.0 = Debug|x64
		{18665277-E558-4484-93F4-E4DC7BB614CB}.Debug|x86.ActiveCfg = Debug|Win32
		{18665277-E558-4484-93F4-E4DC7BB614CB}.Debug|x86.Build.0 = Debug|Win32
		{18665277-E558-4484-93F4-E4DC7BB614CB}.Release|ARM.ActiveCfg = Release|ARM
		{18665277-E558-4484-93F4-E4DC7BB614CB}.Release|ARM.Build.0 = Release|ARM
		{18665277-E558-4484-93F4-E4DC7BB614CB}.Release|x64.ActiveCfg = Release|x64
		{18665277-E558-4484-93F4-E4DC7BB614CB}.Release|x64.Build.0 = Release|x64
		{18665277-E558-4484-93F4-E4DC7BB614CB}.Release|x86.ActiveCfg = Release|Win32
		{18665277-E558-4484-93F4-E4DC7BB614CB}.Release|x86.Build.0 = Release|Win32
		{B14F8B7F-C9FF-4FD3-B328-7C68AB801E85}.Debug|ARM.ActiveCfg = Debug|ARM
		{B14F8B7F-C9FF-4FD3-B328-7C68AB801E85}.Debug|ARM.Build.0 = Debug|ARM
		{B14F8B7F-C9FF-4FD3-B328-7C68AB801E85}.Debug|x64.ActiveCfg = Debug|x64
		{B14F8B7F-C9FF-4FD3-B328-7C68AB801E85}.Debug|x64.Build.0 = Debug|x64
		{B14F8B7F-C9FF-4FD3-B328-7C68AB801E85}.Debug|x86.ActiveCfg = Debug|Win32
		{B14F8B7F-C9FF-4FD3-B328-7C68AB801E85}.Debug|x86.Build.0 = Debug|Win32
		{B14F8B7F-C9FF-4FD3-B328-7C68AB801E85}.Release|ARM.ActiveCfg = Release|ARM
		{B14F8B7F-C9FF-4FD3-B328-7C68AB801E85}.Release|ARM.Build.0 = Release|ARM
		{B14F8B7F-C9FF-4FD3-B328-7C68AB801E85}.Release|x64.ActiveCfg = Release|x64
		{B14F8B7F-C9FF-4FD3-B328-7C68AB801E85}.Release|x64.Build.0 = Release|x64
		{B14F8B7F-C9FF-4FD3-B328-7C68AB801E85}.Release|x86.ActiveCfg = Release|Win32
		{B14F8B7F-C9FF-4FD3-B328-7C68AB801E85}.Release|x86.Build.0 = Release|Win32
		{6B6C1F59-6A82-4097-8907-04DF5C95D014}.Debug|ARM.ActiveCfg = Debug|ARM
		{6B6C1F59-6A82-4097-8907-04DF5C95D014}.Debug|ARM.Build.0 = Debug|ARM
		{6B6C1F59-6A82-4097-8907-04DF5C95D014}.Debug|x64.ActiveCfg = Debug|x64
		{6B6C1F59-6A82-4097-8907-04DF5C95D014}.Debug|x64.Build.0 = Debug|x64
		{6B6C1F59-6A82-4097-8907-04DF5C95D014}.Debug|x86.ActiveCfg = Debug|Win32
		{6B6C1F59-6A82-4097-8907-04DF5C95D014}.Debug|x86.Build.0 = Debug|Win32
		{6B6C1F59-6A82-4097-8907-04DF5C95D014}.Release|ARM.ActiveCfg = Release|ARM
		{6B6C1F59-6A82-4097-8907-04DF5C95D014}.Release|ARM.Build.0 = Release|ARM
		{6B6C1F59-6A82-4097-8907-04DF5C95D014}.Release|x64.ActiveCfg = Release|x64
		{6B6C1F59-6A82-4097-8907-04DF5C95D014}.Release|x64.Build.0 = Release|x64
		{6B6C1F59-6A82-4097-8907-04DF5C95D014}.Release|x86.ActiveCfg = Release|Win32
		{6B6C1F59-6A82-4097-8907-04DF5C95D014}.Release|x86.Build.0 = Release|Win32
		{70EF3B8F-6AAF-401B-9818-3371E950E73C}.Debug|ARM.ActiveCfg = Debug|ARM
		{70EF3B8F-6AAF-401B-9818-3371E950E73C}.Debug|ARM.Build.0 = Debug|ARM
		{70EF3B8F-6AAF-401B-9818-3371E950E73C}.Debug|x64.ActiveCfg = Debug|x64
		{70EF3B8F-6AAF-401B-9818-3371E950E73C}.Debug|x64.Build.0 = Debug|x64
		{70EF3B8F-6AAF-401B-9818-3371E950E73C}.Debug|x86.ActiveCfg = Debug|Win32
		{70EF3B8F-6AAF-401B-9818-3371E950E73C}.Debug|x86.Build.0 = Debug|Win32
		{70EF3B8F-6AAF-401B-9818-3371E950E73C}.Release|ARM.ActiveCfg = Release|ARM
		{70EF3B8F-6AAF-401B-9818-3371E950E73C}.Release|ARM.Build.0 = Release|ARM
		{70EF3B8F-6AAF-401B-9818-3371E950E73C}.Release|x64.ActiveCfg = Release|x64
		{70EF3B8F-6AAF-401B-9818-3371E950E73C}.Release|x64.Build.0 = Release|x64
		{70EF3B8F-6AAF-401B-9818-3371E950E73C}.Release|x86.ActiveCfg = Release|Win32
		{70EF3B8F-6AAF-401B-9818-3371E950E73C}.Release|x86.Build.0 = Release|Win32
		{B2904C3D-E92A-4B64-AAFA-B5B921903C2D}.Debug|ARM.ActiveCfg = Debug|ARM
		{B2904C3D-E92A-4B64-AAFA-B5B921903C2D}.Debug|ARM.Build.0 = Debug|ARM
		{B2904C3D-E92A-4B64-AAFA-B5B921903C2D}.Debug|x64.ActiveCfg = Debug|x64
		{B2904C3D-E92A-4B64-AAFA-B5B921903C2D}.Debug|x64.Build.0 = Debug|x64
		{B2904C3D-E92A-4B64-AAFA-B5B921903C2D}.Debug|x86.ActiveCfg = Debug|Win32
		{B2904C3D-E92A-4B64-AAFA-B5B921903C2D}.Debug|x86.Build.0 = Debug|Win32
		{B2904C3D-E92A-4B64-AAFA-B5B921903C2D}.Release|ARM.ActiveCfg = Release|ARM
		{B2904C3D-E92A-4B64-AAFA-B5B921903C2D}.Release|ARM.Build.0 = Release|ARM
		{B2904C3D-E92A-4B64-AAFA-B5B921903C2D}.Release|x64.ActiveCfg = Release|x64
		{B2904C3D-E92A-4B64-AAFA-B5B921903C2D}.Release|x64.Build.0 = Release|x64
		{B2904C3D-E92A-4B64-AAFA-B5B921903C2D}.Release|x86.ActiveCfg = Release|Win32
		{B2904C3D-E92A-4B64-AAFA-B5B921903C2D}.Release|x86.Build.0 = Release|Win32
		{2F1B58D9-052A-4A34-8A3E-7EEAFB13F6AE}.Debug|ARM.ActiveCfg = Debug|ARM
		{2F1B58D9-052A-4A34-8A3E-7EEAFB13F6AE}.Debug|ARM.Build.0 = Debug|ARM
		{2F1B58D9-052A-4A34-8A3E-7EEAFB13F6AE}.Debug|x64.ActiveCfg = Debug|x64
		{2F1B58D9-052A-4A34-8A3E-7EEAFB13F6AE}.Debug|x64.Build.0 = Debug|x64
		{2F1B58D9-052A-4A34-8A3E-7EEAFB13F6AE}.Debug|x86.ActiveCfg = Debug|Win32
		{2F1B58D9-052A-4A34-8A3E-7EEAFB13F6AE}.Debug|x86.Build.0 = Debug|Win32
		{2F1B58D9-052A-4A34-8A3E-7EEAFB13F6AE}.Release|ARM.ActiveCfg = Release|ARM
		{2F1B58D9-052A-4A34-8A3E-7EEAFB13F6AE}.Release|ARM.Build.0 = Release|ARM
		{2F1B58D9-052A-4A34-8A3E-7EEAFB13F6AE}.Release|x64.ActiveCfg = Release|x64
		{2F1B58D9-052A-4A34-8A3E-7EEAFB13F6AE}.Release|x64.Build.0 = Release|x64
		{2F1B58D9-052A-4A34-8A3E-7EEAFB13F6AE}.Release|x86.ActiveCfg = Release|Win32
		{2F1B58D9-052A-4A34-8A3E-7EEAFB13F6AE}.Release|x86.Build.0 = Release|Win32
		{FB8F8FE3-906A-44CC-8BED-AC999637F97E}.Debug|ARM.ActiveCfg = Debug|ARM
		{FB8F8FE3-906A-44CC-8BED-AC999637F97E}.Debug|ARM.Build.0 = Debug|ARM
		{FB8F8FE3-906A-44CC-8BED-AC999637F97E}.Debug|x64.ActiveCfg = Debug|x64
		{FB8F8FE3-906A-44CC-8BED-AC999637F97E}.Debug|x64.Build.0 = Debug|x64
		{FB8F8FE3-906A-44CC-8BED-AC999637F97E}.Debug|x86.ActiveCfg = Debug|Win32
		{FB8F8FE3-906A-44CC-8BED-AC999637F97E}.Debug|x86.Build.0 = Debug|Win32
		{FB8F8FE3-906A-44CC-8BED-AC999637F97E}.Release|ARM.ActiveCfg = Release|ARM
		{FB8F8FE3-906A-44CC-8BED-AC999637F97E}.Release|ARM.Build.0 = Release|ARM
		{FB8F8FE3-906A-44CC-8BED-AC999637F97E}.Release|x64.ActiveCfg = Release|x64
		{FB8F8FE3-906A-44CC-8BED-AC999637F97E}.Release|x64.Build.0 = Release|x64
		{FB8F8FE3-906A-44CC-8BED-AC999637F97E}.Release|x86.ActiveCfg = Release|Win32
		{FB8F8FE3-906A-44CC-8BED-AC999637F97E}.Release|x86.Build.0 = Release|Win32
		{7592D295-3804-4DB4-809F-D7958B596582}.Debug|ARM.ActiveCfg = Debug|ARM
		{7592D295-3804-4DB4-809F-D7958B596582}.Debug|ARM.Build.0 = Debug|ARM
		{7592D295-3804-4DB4-809F-D7958B596582}.Debug|x64.ActiveCfg = Debug|x64
		{7592D295-3804-4DB4-809F-D7958B596582}.Debug|x64.Build.0 = Debug|x64
		{7592D295-3804-4DB4-809F-D7958B596582}.Debug|x86.ActiveCfg = Debug|Win32
		{7592D295-3804-4DB4-809F-D7958B596582}.Debug|x86.Build.0 = Debug|Win32
		{7592D295-3804-4DB4-809F-D7958B596582}.Release|ARM.ActiveCfg = Release|ARM
		{7592D295-3804-4DB4-809F-D7958B596582}.Release|ARM.Build.0 = Release|ARM
		{7592D295-3804-4DB4-809F-D7958B596582}.Release|x64.ActiveCfg = Release|x64
		{7592D295-3804-4DB4-809F-D7958B596582}.Release|x64.Build.0 = Release|x64
		{7592D295-3804-4DB4-809F-D7958B596582}.Release|x86.ActiveCfg = Release|Win32
		{7592D295-3804-4DB4-809F-D7958B596582}.Release|x86.Build.0 = Release|Win32
		{84E52D4C-AF55-40E7-855B-A352902863D8}.Debug|ARM.ActiveCfg = Debug|ARM
		{84E52D4C-AF55-40E7-855B-A352902863D8}.Debug|ARM.Build.0 = Debug|ARM
		{84E52D4C-AF55-40E7-855B-A352902863D8}.Debug|x64.ActiveCfg = Debug|x64
		{84E52D4C-AF55-40E7-855B-A352902863D8}.Debug|x64.Build.0 = Debug|x64
		{84E52D4C-AF55-40E7-855B-A352902863D8}.Debug|x86.ActiveCfg = Debug|Win32
		{84E52D4C-AF55-40E7-855B-A352902863D8}.Debug|x86.Build.0 = Debug|Win32
		{84E52D4C-AF55-40E7-855B-A352902863D8}.Release|ARM.ActiveCfg = Release|ARM
		{84E52D4C-AF55-40E7-855B-A352902863D8}.Release|ARM.Build.0 = Release|ARM
		{84E52D4C-AF55-40E7-855B-A352902863D8}.Release|x64.ActiveCfg = Release|x64
		{84E52D4C-AF55-40E7-855B-A352902863D8}.Release|x64.Build.0 = Release|x64
		{84E52D4C-AF55-40E7-855B-A352902863D8}.Release|x86.ActiveCfg = Release|Win32
		{84E52D4C-AF55-40E7-855B-A352902863D8}.Release|x86.Build.0 = Release|Win32
		{2C1DBFE5-A358-43E5-8DD8-48A9DA1E2260}.Debug|ARM.ActiveCfg = Debug|ARM
		{2C1DBFE5-A358-43E5-8DD8-48A9DA1E2260}.Debug|ARM.Build.0 = Debug|ARM
		{2C1DBFE5-A358-43E5-8DD8-48A9DA1E2260}.Debug|x64.ActiveCfg = Debug|x64
		{2C1DBFE5-A358-43E5-8DD8-48A9DA1E2260}.Debug|x64.Build.0 = Debug|x64
		{2C1DBFE5-A358-43E5-8DD8-48A9DA1E2260}.Debug|x86.ActiveCfg = Debug|Win32
		{2C1DBFE5-A358-43E5-8DD8-48A9DA1E2260}.Debug|x86.Build.0 = Debug|Win32
		{2C1DBFE5-A358-43E5-8DD8-48A9DA1E2260}.Release|ARM.ActiveCfg = Release|ARM
		{2C1DBFE5-A358-43E5-8DD8-48A9DA1E2260}.Release|ARM.Build.0 = Release|ARM
		{2C1DBFE5-A358-43E5-8DD8-48A9DA1E2260}.Release|x64.ActiveCfg = Release|x64
		{2C1DBFE5-A358-43E5-8DD8-48A9DA1E2260}.Release|x64.Build.0 = Release|x64
		{2C1DBFE5-A358-43E5-8DD8-48A9DA1E2260}.Release|x86.ActiveCfg = Release|Win32
		{2C1DBFE5-A358-43E5-8DD8-48A9DA1E2260}.Release|x86.Build.0 = Release|Win32
		{C4D98017-3027-42DE-836C-F9683C2C84E0}.Debug|ARM.ActiveCfg = Debug|ARM
		{C4D98017-3027-42DE-836C-F9683C2C84E0}.Debug|ARM.Build.0 = Debug|ARM
		{C4D98017-3027-42DE-836C-F9683C2C84E0}.Debug|x64.ActiveCfg = Debug|x64
		{C4D98017-3027-42DE-836C-F9683C2C84E0}.Debug|x64.Build.0 = Debug|x64
		{C4D98017-3027-42DE-836C-F9683C2C84E0}.Debug|x86.ActiveCfg = Debug|Win32
		{C4D98017-3027-42DE-836C-F9683C2C84E0}.Debug|x86.Build.0 = Debug|Win32
		{C4D98017-3027-42DE-836C-F9683C2C84E0}.Release|ARM.ActiveCfg = Release|ARM
		{C4D98017-3027-42DE-836C-F9683C2C84E0}.Release|ARM.Build.0 = Release|ARM
		{C4D98017-3027-42DE-836C-F9683C2C84E0}.Release|x64.ActiveCfg = Release|x64
		{C4D98017-3027-42DE-836C-F9683C2C84E0}.Release|x64.Build.0 = Release|x64
		{C4D98017-3027-42DE-836C-F9683C2C84E0}.Release|x86.ActiveCfg = Release|Win32
		{C4D98017-3027-42DE-836C-F9683C2C84E0}.Release|x86.Build.0 = Release|Win32
		{C69267C7-77A6-48B9-A286-81C7B9172478}.Debug|ARM.ActiveCfg = Debug|ARM
		{C69267C7-77A6-48B9-A286-81C7B9172478}.Debug|ARM.Build.0 = Debug|ARM
		{C69267C7-77A6-48B9-A286-81C7B9172478}.Debug|x64.ActiveCfg = Debug|x64
		{C69267C7-77A6-48B9-A286-81C7B9172478}.Debug|x64.Build.0 = Debug|x64
		{C69267C7-77A6-48B9-A286-81C7B9172478}.Debug|x86.ActiveCfg = Debug|Win32
		{C69267C7-77A6-48B9-A286-81C7B9172478}.Debug|x86.Build.0 = Debug|Win32
		{C69267C7-77A6-48B9-A286-81C7B9172478}.Release|ARM.ActiveCfg = Release|ARM
		{C69267C7-77A6-48B9-A286-81C7B9172478}.Release|ARM.Build.0 = Release|ARM
		{C69267C7-77A6-48B9-A286-81C7B9172478}.Release|x64.ActiveCfg = Release|x64
		{C69267C7-77A6-48B9-A286-81C7B9172478}.Release|x64.Build.0 = Release|x64
		{C69267C7-77A6-48B9-A286-81C7B9172478}.Release|x86.ActiveCfg = Release|Win32
		{C69267C7-77A6-48B9-A286-81C7B9172478}.Release|x86.Build.0 = Release|Win32
		{BA3F6264-3BFC-4D88-907A-07AB7E203526}.Debug|ARM.ActiveCfg = Debug|ARM
		{BA3F6264-3BFC-4D88-907A-07AB7E203526}.Debug|ARM.Build.0 = Debug|ARM
		{BA3F6264-3BFC-4D88-907A-07AB7E203526}.Debug|x64.ActiveCfg = Debug|x64
		{BA3F6264-3BFC-4D88-907A-07AB7E203526}.Debug|x64.Build.0 = Debug|x64
		{BA3F6264-3BFC-4D88-907A-07AB7E203526}.Debug|x86.ActiveCfg = Debug|Win32
		{BA3F6264-3BFC-4D88-907A-07AB7E203526}.Debug|x86.Build.0 = Debug|Win32
		{BA3F6264-3BFC-4D88-907A-07AB7E203526}.Release|ARM.ActiveCfg = Release|ARM
		{BA3F6264-3BFC-4D88-907A-07AB7E203526}.Release|ARM.Build.0 = Release|ARM
		{BA3F6264-3BFC-4D88-907A-07AB7E203526}.Release|x64.ActiveCfg = Release|x64
		{BA3F6264-3BFC-4D88-907A-07AB7E203526}.Release|x64.Build.0 = Release|x64
		{BA3F6264-3BFC-4D88-907A-07AB7E203526}.Release|x86.ActiveCfg = Release|Win32
		{BA3F6264-3BFC-4D88-907A-07AB7E203526}.Release|x86.Build.0 = Release|Win32
	EndGlobalSection
	GlobalSection(SolutionProperties) = preSolution
		HideSolutionNode = FALSE
	EndGlobalSection
	GlobalSection(NestedProjects) = preSolution
		{AA39689E-2BA4-4163-96DD-107781B4CE0E} = {11CE4422-E481-4210-ADAC-3E55D9AB283F}
		{661A8649-72AA-4862-9161-6AB9CA1971A1} = {11CE4422-E481-4210-ADAC-3E55D9AB283F}
		{788C15E5-6DB8-4420-AC1E-C279955FB585} = {11CE4422-E481-4210-ADAC-3E55D9AB283F}
		{8A2751F1-952F-4090-B357-8357EAB880D5} = {11CE4422-E481-4210-ADAC-3E55D9AB283F}
		{F64F67C6-787E-4B09-87B3-F7255080DB01} = {11CE4422-E481-4210-ADAC-3E55D9AB283F}
		{8BC55AE3-7511-4317-86CE-6583310B54CF} = {11CE4422-E481-4210-ADAC-3E55D9AB283F}
		{7CF3B759-856B-4DC4-A0E5-A7C5564788C5} = {11CE4422-E481-4210-ADAC-3E55D9AB283F}
		{5A6FDEB1-9776-4A14-8BDD-E919603DB294} = {11CE4422-E481-4210-ADAC-3E55D9AB283F}
		{334EAB4B-C600-4A2B-95DD-F2D8BC95E414} = {11CE4422-E481-4210-ADAC-3E55D9AB283F}
	EndGlobalSection
EndGlobal
