<?xml version="1.0" encoding="utf-8"?>
<Project ToolsVersion="14.0" xmlns="http://schemas.microsoft.com/developer/msbuild/2003">
  <ItemGroup>
    <ClInclude Include="$(MSBuildThisFileDirectory)dirent.h" />
    <ClInclude Include="$(MSBuildThisFileDirectory)getopt.h" />
    <ClInclude Include="$(MSBuildThisFileDirectory)unistd.h" />
  </ItemGroup>
  <ItemGroup>
    <ClCompile Include="$(MSBuildThisFileDirectory)getopt.c" />
  </ItemGroup>
</Project>